// !$*UTF8*$!
{
	archiveVersion = 1;
	classes = {
	};
	objectVersion = 56;
	objects = {

/* Begin PBXBuildFile section */
		5E09CC8B2A32F557003BA8E0 /* WidgetItemView.swift in Sources */ = {isa = PBXBuildFile; fileRef = 5E09CC892A32F552003BA8E0 /* WidgetItemView.swift */; };
		5E09CC8D2A32FE37003BA8E0 /* NotificationName+.swift in Sources */ = {isa = PBXBuildFile; fileRef = 5E09CC8C2A32FE37003BA8E0 /* NotificationName+.swift */; };
		5E20BCCB2A272B7000E6A73D /* SettingRouter.swift in Sources */ = {isa = PBXBuildFile; fileRef = 5E20BCC72A272B7000E6A73D /* SettingRouter.swift */; };
		5E20BCCC2A272B7000E6A73D /* SettingViewController.swift in Sources */ = {isa = PBXBuildFile; fileRef = 5E20BCC82A272B7000E6A73D /* SettingViewController.swift */; };
		5E20BCCD2A272B7000E6A73D /* SettingBuilder.swift in Sources */ = {isa = PBXBuildFile; fileRef = 5E20BCC92A272B7000E6A73D /* SettingBuilder.swift */; };
		5E20BCCE2A272B7000E6A73D /* SettingInteractor.swift in Sources */ = {isa = PBXBuildFile; fileRef = 5E20BCCA2A272B7000E6A73D /* SettingInteractor.swift */; };
		5E20BCD12A2730DC00E6A73D /* SettingCell.swift in Sources */ = {isa = PBXBuildFile; fileRef = 5E20BCD02A2730DC00E6A73D /* SettingCell.swift */; };
		5E26A5492A0644CC0012DEE4 /* KeyboardObservable.swift in Sources */ = {isa = PBXBuildFile; fileRef = 5E26A5482A0644CC0012DEE4 /* KeyboardObservable.swift */; };
		5E26A54B2A066F9D0012DEE4 /* UIScrollView+.swift in Sources */ = {isa = PBXBuildFile; fileRef = 5E26A54A2A066F9D0012DEE4 /* UIScrollView+.swift */; };
		5E26A5512A0683420012DEE4 /* BankSelectRouter.swift in Sources */ = {isa = PBXBuildFile; fileRef = 5E26A54D2A0683420012DEE4 /* BankSelectRouter.swift */; };
		5E26A5522A0683420012DEE4 /* BankSelectViewController.swift in Sources */ = {isa = PBXBuildFile; fileRef = 5E26A54E2A0683420012DEE4 /* BankSelectViewController.swift */; };
		5E26A5532A0683420012DEE4 /* BankSelectBuilder.swift in Sources */ = {isa = PBXBuildFile; fileRef = 5E26A54F2A0683420012DEE4 /* BankSelectBuilder.swift */; };
		5E26A5542A0683420012DEE4 /* BankSelectInteractor.swift in Sources */ = {isa = PBXBuildFile; fileRef = 5E26A5502A0683420012DEE4 /* BankSelectInteractor.swift */; };
		5E26A5572A07ACC20012DEE4 /* BankCollectionView.swift in Sources */ = {isa = PBXBuildFile; fileRef = 5E26A5562A07ACC20012DEE4 /* BankCollectionView.swift */; };
		5E26A5592A07B2770012DEE4 /* BankCell.swift in Sources */ = {isa = PBXBuildFile; fileRef = 5E26A5582A07B2770012DEE4 /* BankCell.swift */; };
		5E3953FD2A13EEC60084A8AD /* BankList.json in Resources */ = {isa = PBXBuildFile; fileRef = 5E3953FC2A13EEC60084A8AD /* BankList.json */; };
		5E5BED9F2A1B07B4002EC397 /* Realm in Frameworks */ = {isa = PBXBuildFile; productRef = 5E5BED9E2A1B07B4002EC397 /* Realm */; };
		5E5BEDA12A1B07B4002EC397 /* RealmSwift in Frameworks */ = {isa = PBXBuildFile; productRef = 5E5BEDA02A1B07B4002EC397 /* RealmSwift */; };
		5E5BEDA52A1B07CF002EC397 /* BankObject.swift in Sources */ = {isa = PBXBuildFile; fileRef = 5E5BEDA42A1B07CF002EC397 /* BankObject.swift */; };
		5E5BEDA72A1B089A002EC397 /* AccountObject.swift in Sources */ = {isa = PBXBuildFile; fileRef = 5E5BEDA62A1B089A002EC397 /* AccountObject.swift */; };
		5E5BEDAA2A1B219D002EC397 /* PersistentStorage.swift in Sources */ = {isa = PBXBuildFile; fileRef = 5E5BEDA92A1B219D002EC397 /* PersistentStorage.swift */; };
		5E5BEDAD2A1B247A002EC397 /* AccountRepository.swift in Sources */ = {isa = PBXBuildFile; fileRef = 5E5BEDAC2A1B247A002EC397 /* AccountRepository.swift */; };
		5E5BEDBA2A1B5C67002EC397 /* AccountRepositoryType.swift in Sources */ = {isa = PBXBuildFile; fileRef = 5E5BEDB92A1B5C67002EC397 /* AccountRepositoryType.swift */; };
		5E60C0882A1DA69600FD7F0C /* ToastPresentable.swift in Sources */ = {isa = PBXBuildFile; fileRef = 5E60C0872A1DA69600FD7F0C /* ToastPresentable.swift */; };
		5E60C08B2A1DABE400FD7F0C /* ToastView.swift in Sources */ = {isa = PBXBuildFile; fileRef = 5E60C08A2A1DABE400FD7F0C /* ToastView.swift */; };
		5E6ACC7B2A2DADFB00FD63EF /* Date+.swift in Sources */ = {isa = PBXBuildFile; fileRef = 5E6ACC7A2A2DADFB00FD63EF /* Date+.swift */; };
		5E6ACC7D2A2DD08D00FD63EF /* UserDefaults+.swift in Sources */ = {isa = PBXBuildFile; fileRef = 5E6ACC7C2A2DD08D00FD63EF /* UserDefaults+.swift */; };
		5E6ACC822A2DDA1C00FD63EF /* UserDefaultsKey.swift in Sources */ = {isa = PBXBuildFile; fileRef = 5E6ACC812A2DDA1C00FD63EF /* UserDefaultsKey.swift */; };
		5E6BCE6A29EBC7A1008CEFE5 /* RootRouter.swift in Sources */ = {isa = PBXBuildFile; fileRef = 5E6BCE6629EBC7A1008CEFE5 /* RootRouter.swift */; };
		5E6BCE6B29EBC7A1008CEFE5 /* RootViewController.swift in Sources */ = {isa = PBXBuildFile; fileRef = 5E6BCE6729EBC7A1008CEFE5 /* RootViewController.swift */; };
		5E6BCE6C29EBC7A1008CEFE5 /* RootBuilder.swift in Sources */ = {isa = PBXBuildFile; fileRef = 5E6BCE6829EBC7A1008CEFE5 /* RootBuilder.swift */; };
		5E6BCE6D29EBC7A1008CEFE5 /* RootInteractor.swift in Sources */ = {isa = PBXBuildFile; fileRef = 5E6BCE6929EBC7A1008CEFE5 /* RootInteractor.swift */; };
		5E6BCE6F29EBC850008CEFE5 /* AppComponent.swift in Sources */ = {isa = PBXBuildFile; fileRef = 5E6BCE6E29EBC850008CEFE5 /* AppComponent.swift */; };
		5E7380182A318434003ED9CA /* Realm in Frameworks */ = {isa = PBXBuildFile; productRef = 5E7380172A318434003ED9CA /* Realm */; };
		5E73801A2A318434003ED9CA /* RealmSwift in Frameworks */ = {isa = PBXBuildFile; productRef = 5E7380192A318434003ED9CA /* RealmSwift */; };
		5E73801B2A3184AE003ED9CA /* AccountObject.swift in Sources */ = {isa = PBXBuildFile; fileRef = 5E5BEDA62A1B089A002EC397 /* AccountObject.swift */; };
		5E73801C2A3185C3003ED9CA /* BankObject.swift in Sources */ = {isa = PBXBuildFile; fileRef = 5E5BEDA42A1B07CF002EC397 /* BankObject.swift */; };
		5E73801D2A3185DB003ED9CA /* Account.swift in Sources */ = {isa = PBXBuildFile; fileRef = 5E8A4E1D2A18B82400EEA716 /* Account.swift */; };
		5E73801E2A3185FF003ED9CA /* Bank.swift in Sources */ = {isa = PBXBuildFile; fileRef = 5E9771182A092C3A00A6B28F /* Bank.swift */; };
		5E73801F2A318606003ED9CA /* GroupIdentifier.swift in Sources */ = {isa = PBXBuildFile; fileRef = 5ECF25DD2A308D70001FEEE3 /* GroupIdentifier.swift */; };
		5E7380202A318620003ED9CA /* PersistentStorage.swift in Sources */ = {isa = PBXBuildFile; fileRef = 5E5BEDA92A1B219D002EC397 /* PersistentStorage.swift */; };
		5E7380212A318620003ED9CA /* PersistentStorage.swift in Sources */ = {isa = PBXBuildFile; fileRef = 5E5BEDA92A1B219D002EC397 /* PersistentStorage.swift */; };
		5E8A4E1C2A18B2DD00EEA716 /* CombineExt in Frameworks */ = {isa = PBXBuildFile; productRef = 5E8A4E1B2A18B2DD00EEA716 /* CombineExt */; };
		5E8A4E1E2A18B82400EEA716 /* Account.swift in Sources */ = {isa = PBXBuildFile; fileRef = 5E8A4E1D2A18B82400EEA716 /* Account.swift */; };
		5E9771192A092C3A00A6B28F /* Bank.swift in Sources */ = {isa = PBXBuildFile; fileRef = 5E9771182A092C3A00A6B28F /* Bank.swift */; };
		5E97711B2A093FA300A6B28F /* BankSelectFooterView.swift in Sources */ = {isa = PBXBuildFile; fileRef = 5E97711A2A093FA300A6B28F /* BankSelectFooterView.swift */; };
		5EAA44702A1F43C500E0214D /* AccountDetailRouter.swift in Sources */ = {isa = PBXBuildFile; fileRef = 5EAA446C2A1F43C500E0214D /* AccountDetailRouter.swift */; };
		5EAA44712A1F43C500E0214D /* AccountDetailViewController.swift in Sources */ = {isa = PBXBuildFile; fileRef = 5EAA446D2A1F43C500E0214D /* AccountDetailViewController.swift */; };
		5EAA44722A1F43C500E0214D /* AccountDetailBuilder.swift in Sources */ = {isa = PBXBuildFile; fileRef = 5EAA446E2A1F43C500E0214D /* AccountDetailBuilder.swift */; };
		5EAA44732A1F43C500E0214D /* AccountDetailInteractor.swift in Sources */ = {isa = PBXBuildFile; fileRef = 5EAA446F2A1F43C500E0214D /* AccountDetailInteractor.swift */; };
		5EAA44752A1F574300E0214D /* BankSelectInputView.swift in Sources */ = {isa = PBXBuildFile; fileRef = 5EAA44742A1F574300E0214D /* BankSelectInputView.swift */; };
		5EB10D012A04E89100D6DE83 /* UnderLineTextField.swift in Sources */ = {isa = PBXBuildFile; fileRef = 5EB10D002A04E89100D6DE83 /* UnderLineTextField.swift */; };
		5EBA27C12A037682009AB303 /* AccountRegisterRouter.swift in Sources */ = {isa = PBXBuildFile; fileRef = 5EBA27BD2A037682009AB303 /* AccountRegisterRouter.swift */; };
		5EBA27C22A037682009AB303 /* AccountRegisterViewController.swift in Sources */ = {isa = PBXBuildFile; fileRef = 5EBA27BE2A037682009AB303 /* AccountRegisterViewController.swift */; };
		5EBA27C32A037682009AB303 /* AccountRegisterBuilder.swift in Sources */ = {isa = PBXBuildFile; fileRef = 5EBA27BF2A037682009AB303 /* AccountRegisterBuilder.swift */; };
		5EBA27C42A037682009AB303 /* AccountRegisterInteractor.swift in Sources */ = {isa = PBXBuildFile; fileRef = 5EBA27C02A037682009AB303 /* AccountRegisterInteractor.swift */; };
		5ECF258D2A304C4C001FEEE3 /* WidgetKit.framework in Frameworks */ = {isa = PBXBuildFile; fileRef = 5ECF258C2A304C4C001FEEE3 /* WidgetKit.framework */; };
		5ECF258F2A304C4C001FEEE3 /* SwiftUI.framework in Frameworks */ = {isa = PBXBuildFile; fileRef = 5ECF258E2A304C4C001FEEE3 /* SwiftUI.framework */; };
		5ECF25922A304C4C001FEEE3 /* AccountBookWidgetBundle.swift in Sources */ = {isa = PBXBuildFile; fileRef = 5ECF25912A304C4C001FEEE3 /* AccountBookWidgetBundle.swift */; };
		5ECF25942A304C4C001FEEE3 /* AccountBookWidget.swift in Sources */ = {isa = PBXBuildFile; fileRef = 5ECF25932A304C4C001FEEE3 /* AccountBookWidget.swift */; };
		5ECF25972A304C4D001FEEE3 /* Assets.xcassets in Resources */ = {isa = PBXBuildFile; fileRef = 5ECF25962A304C4D001FEEE3 /* Assets.xcassets */; };
		5ECF25992A304C4D001FEEE3 /* AccountBookWidget.intentdefinition in Sources */ = {isa = PBXBuildFile; fileRef = 5ECF25952A304C4C001FEEE3 /* AccountBookWidget.intentdefinition */; };
		5ECF259D2A304C4D001FEEE3 /* AccountBookWidgetExtension.appex in Embed Foundation Extensions */ = {isa = PBXBuildFile; fileRef = 5ECF258A2A304C4C001FEEE3 /* AccountBookWidgetExtension.appex */; settings = {ATTRIBUTES = (RemoveHeadersOnCopy, ); }; };
		5ECF25AA2A3064FF001FEEE3 /* Intents.framework in Frameworks */ = {isa = PBXBuildFile; fileRef = 5ECF25A92A3064FF001FEEE3 /* Intents.framework */; };
		5ECF25AD2A3064FF001FEEE3 /* IntentHandler.swift in Sources */ = {isa = PBXBuildFile; fileRef = 5ECF25AC2A3064FF001FEEE3 /* IntentHandler.swift */; };
		5ECF25C22A3064FF001FEEE3 /* IntentsExtension.appex in Embed Foundation Extensions */ = {isa = PBXBuildFile; fileRef = 5ECF25A82A3064FF001FEEE3 /* IntentsExtension.appex */; settings = {ATTRIBUTES = (RemoveHeadersOnCopy, ); }; };
		5ECF25CA2A306631001FEEE3 /* AccountBookWidget.intentdefinition in Sources */ = {isa = PBXBuildFile; fileRef = 5ECF25952A304C4C001FEEE3 /* AccountBookWidget.intentdefinition */; };
		5ECF25CC2A306755001FEEE3 /* AccountBookWidget.intentdefinition in Sources */ = {isa = PBXBuildFile; fileRef = 5ECF25952A304C4C001FEEE3 /* AccountBookWidget.intentdefinition */; };
		5ECF25CD2A3077D7001FEEE3 /* AccountObject.swift in Sources */ = {isa = PBXBuildFile; fileRef = 5E5BEDA62A1B089A002EC397 /* AccountObject.swift */; };
		5ECF25CF2A307899001FEEE3 /* Account.swift in Sources */ = {isa = PBXBuildFile; fileRef = 5E8A4E1D2A18B82400EEA716 /* Account.swift */; };
		5ECF25D02A3078C0001FEEE3 /* BankObject.swift in Sources */ = {isa = PBXBuildFile; fileRef = 5E5BEDA42A1B07CF002EC397 /* BankObject.swift */; };
		5ECF25D12A3078C3001FEEE3 /* Bank.swift in Sources */ = {isa = PBXBuildFile; fileRef = 5E9771182A092C3A00A6B28F /* Bank.swift */; };
		5ECF25D32A307989001FEEE3 /* Realm in Frameworks */ = {isa = PBXBuildFile; productRef = 5ECF25D22A307989001FEEE3 /* Realm */; };
		5ECF25D52A307989001FEEE3 /* RealmSwift in Frameworks */ = {isa = PBXBuildFile; productRef = 5ECF25D42A307989001FEEE3 /* RealmSwift */; };
		5ECF25D82A307B7F001FEEE3 /* Assets.xcassets in Resources */ = {isa = PBXBuildFile; fileRef = 5EFB553D29EA81DB006546B5 /* Assets.xcassets */; };
		5ECF25D92A307B80001FEEE3 /* Assets.xcassets in Resources */ = {isa = PBXBuildFile; fileRef = 5EFB553D29EA81DB006546B5 /* Assets.xcassets */; };
		5ECF25DE2A308D70001FEEE3 /* GroupIdentifier.swift in Sources */ = {isa = PBXBuildFile; fileRef = 5ECF25DD2A308D70001FEEE3 /* GroupIdentifier.swift */; };
		5ECF25DF2A308D70001FEEE3 /* GroupIdentifier.swift in Sources */ = {isa = PBXBuildFile; fileRef = 5ECF25DD2A308D70001FEEE3 /* GroupIdentifier.swift */; };
		5ECF25E42A309B47001FEEE3 /* SmallWidget.swift in Sources */ = {isa = PBXBuildFile; fileRef = 5ECF25E12A309B3E001FEEE3 /* SmallWidget.swift */; };
		5ECF25E82A30A665001FEEE3 /* ListWidget.swift in Sources */ = {isa = PBXBuildFile; fileRef = 5ECF25E72A30A665001FEEE3 /* ListWidget.swift */; };
		5ED5E20B2A0216B6005FEA13 /* AccountCollectionView.swift in Sources */ = {isa = PBXBuildFile; fileRef = 5ED5E20A2A0216B6005FEA13 /* AccountCollectionView.swift */; };
		5ED5E20D2A0216DC005FEA13 /* AccountCell.swift in Sources */ = {isa = PBXBuildFile; fileRef = 5ED5E20C2A0216DC005FEA13 /* AccountCell.swift */; };
		5ED5E2102A02902E005FEA13 /* UIColor+.swift in Sources */ = {isa = PBXBuildFile; fileRef = 5ED5E20F2A02902E005FEA13 /* UIColor+.swift */; };
		5ED5E2122A029EAF005FEA13 /* HomeEmptyView.swift in Sources */ = {isa = PBXBuildFile; fileRef = 5ED5E2112A029EAF005FEA13 /* HomeEmptyView.swift */; };
		5EDE33B12A323D1F007A906F /* AccountSelectedRouter.swift in Sources */ = {isa = PBXBuildFile; fileRef = 5EDE33AD2A323D1F007A906F /* AccountSelectedRouter.swift */; };
		5EDE33B22A323D1F007A906F /* AccountSelectedViewController.swift in Sources */ = {isa = PBXBuildFile; fileRef = 5EDE33AE2A323D1F007A906F /* AccountSelectedViewController.swift */; };
		5EDE33B32A323D1F007A906F /* AccountSelectedBuilder.swift in Sources */ = {isa = PBXBuildFile; fileRef = 5EDE33AF2A323D1F007A906F /* AccountSelectedBuilder.swift */; };
		5EDE33B42A323D1F007A906F /* AccountSelectedInteractor.swift in Sources */ = {isa = PBXBuildFile; fileRef = 5EDE33B02A323D1F007A906F /* AccountSelectedInteractor.swift */; };
		5EE82F552A007F4E0075D2ED /* LoggedInRouter.swift in Sources */ = {isa = PBXBuildFile; fileRef = 5EE82F522A007F4E0075D2ED /* LoggedInRouter.swift */; };
		5EE82F562A007F4E0075D2ED /* LoggedInBuilder.swift in Sources */ = {isa = PBXBuildFile; fileRef = 5EE82F532A007F4E0075D2ED /* LoggedInBuilder.swift */; };
		5EE82F572A007F4E0075D2ED /* LoggedInInteractor.swift in Sources */ = {isa = PBXBuildFile; fileRef = 5EE82F542A007F4E0075D2ED /* LoggedInInteractor.swift */; };
		5EE82F5D2A0086D00075D2ED /* MainRouter.swift in Sources */ = {isa = PBXBuildFile; fileRef = 5EE82F592A0086D00075D2ED /* MainRouter.swift */; };
		5EE82F5E2A0086D00075D2ED /* MainViewController.swift in Sources */ = {isa = PBXBuildFile; fileRef = 5EE82F5A2A0086D00075D2ED /* MainViewController.swift */; };
		5EE82F5F2A0086D00075D2ED /* MainBuilder.swift in Sources */ = {isa = PBXBuildFile; fileRef = 5EE82F5B2A0086D00075D2ED /* MainBuilder.swift */; };
		5EE82F602A0086D00075D2ED /* MainInteractor.swift in Sources */ = {isa = PBXBuildFile; fileRef = 5EE82F5C2A0086D00075D2ED /* MainInteractor.swift */; };
		5EE82F662A0096050075D2ED /* HomeRouter.swift in Sources */ = {isa = PBXBuildFile; fileRef = 5EE82F622A0096050075D2ED /* HomeRouter.swift */; };
		5EE82F672A0096050075D2ED /* HomeViewController.swift in Sources */ = {isa = PBXBuildFile; fileRef = 5EE82F632A0096050075D2ED /* HomeViewController.swift */; };
		5EE82F682A0096050075D2ED /* HomeBuilder.swift in Sources */ = {isa = PBXBuildFile; fileRef = 5EE82F642A0096050075D2ED /* HomeBuilder.swift */; };
		5EE82F692A0096050075D2ED /* HomeInteractor.swift in Sources */ = {isa = PBXBuildFile; fileRef = 5EE82F652A0096050075D2ED /* HomeInteractor.swift */; };
		5EEA8CC82A28810000CFEEB6 /* AuthenticationNoticeView.swift in Sources */ = {isa = PBXBuildFile; fileRef = 5EEA8CC72A28810000CFEEB6 /* AuthenticationNoticeView.swift */; };
		5EEA8CCC2A28866800CFEEB6 /* LocalAuthenticationRepository.swift in Sources */ = {isa = PBXBuildFile; fileRef = 5EEA8CCB2A28866800CFEEB6 /* LocalAuthenticationRepository.swift */; };
		5EEA8CCE2A288BBD00CFEEB6 /* LocalAuthenticationRepositoryType.swift in Sources */ = {isa = PBXBuildFile; fileRef = 5EEA8CCD2A288BBD00CFEEB6 /* LocalAuthenticationRepositoryType.swift */; };
		5EFB553529EA81DB006546B5 /* AppDelegate.swift in Sources */ = {isa = PBXBuildFile; fileRef = 5EFB553429EA81DB006546B5 /* AppDelegate.swift */; };
		5EFB553729EA81DB006546B5 /* SceneDelegate.swift in Sources */ = {isa = PBXBuildFile; fileRef = 5EFB553629EA81DB006546B5 /* SceneDelegate.swift */; };
		5EFB553E29EA81DB006546B5 /* Assets.xcassets in Resources */ = {isa = PBXBuildFile; fileRef = 5EFB553D29EA81DB006546B5 /* Assets.xcassets */; };
		5EFB554129EA81DB006546B5 /* LaunchScreen.storyboard in Resources */ = {isa = PBXBuildFile; fileRef = 5EFB553F29EA81DB006546B5 /* LaunchScreen.storyboard */; };
		5EFB554D29EA8884006546B5 /* Then in Frameworks */ = {isa = PBXBuildFile; productRef = 5EFB554C29EA8884006546B5 /* Then */; };
		5EFB555029EA8891006546B5 /* ModernRIBs in Frameworks */ = {isa = PBXBuildFile; productRef = 5EFB554F29EA8891006546B5 /* ModernRIBs */; };
		5EFB555329EA88DF006546B5 /* SnapKit in Frameworks */ = {isa = PBXBuildFile; productRef = 5EFB555229EA88DF006546B5 /* SnapKit */; };
		5EFD8E4A2A09FDCF00C0ED03 /* AlertPresentable.swift in Sources */ = {isa = PBXBuildFile; fileRef = 5EFD8E492A09FDCF00C0ED03 /* AlertPresentable.swift */; };
		5EFD8E4C2A0A112F00C0ED03 /* UIAlertController+.swift in Sources */ = {isa = PBXBuildFile; fileRef = 5EFD8E4B2A0A112F00C0ED03 /* UIAlertController+.swift */; };
/* End PBXBuildFile section */

/* Begin PBXContainerItemProxy section */
		5ECF259B2A304C4D001FEEE3 /* PBXContainerItemProxy */ = {
			isa = PBXContainerItemProxy;
			containerPortal = 5EFB552929EA81DA006546B5 /* Project object */;
			proxyType = 1;
			remoteGlobalIDString = 5ECF25892A304C4C001FEEE3;
			remoteInfo = AccountBookWidgetExtension;
		};
		5ECF25C02A3064FF001FEEE3 /* PBXContainerItemProxy */ = {
			isa = PBXContainerItemProxy;
			containerPortal = 5EFB552929EA81DA006546B5 /* Project object */;
			proxyType = 1;
			remoteGlobalIDString = 5ECF25A72A3064FE001FEEE3;
			remoteInfo = IntentsExtension;
		};
/* End PBXContainerItemProxy section */

/* Begin PBXCopyFilesBuildPhase section */
		5ECF259E2A304C4D001FEEE3 /* Embed Foundation Extensions */ = {
			isa = PBXCopyFilesBuildPhase;
			buildActionMask = 2147483647;
			dstPath = "";
			dstSubfolderSpec = 13;
			files = (
				5ECF25C22A3064FF001FEEE3 /* IntentsExtension.appex in Embed Foundation Extensions */,
				5ECF259D2A304C4D001FEEE3 /* AccountBookWidgetExtension.appex in Embed Foundation Extensions */,
			);
			name = "Embed Foundation Extensions";
			runOnlyForDeploymentPostprocessing = 0;
		};
/* End PBXCopyFilesBuildPhase section */

/* Begin PBXFileReference section */
		5E09CC892A32F552003BA8E0 /* WidgetItemView.swift */ = {isa = PBXFileReference; lastKnownFileType = sourcecode.swift; path = WidgetItemView.swift; sourceTree = "<group>"; };
		5E09CC8C2A32FE37003BA8E0 /* NotificationName+.swift */ = {isa = PBXFileReference; lastKnownFileType = sourcecode.swift; path = "NotificationName+.swift"; sourceTree = "<group>"; };
		5E20BCC72A272B7000E6A73D /* SettingRouter.swift */ = {isa = PBXFileReference; lastKnownFileType = sourcecode.swift; path = SettingRouter.swift; sourceTree = "<group>"; };
		5E20BCC82A272B7000E6A73D /* SettingViewController.swift */ = {isa = PBXFileReference; lastKnownFileType = sourcecode.swift; path = SettingViewController.swift; sourceTree = "<group>"; };
		5E20BCC92A272B7000E6A73D /* SettingBuilder.swift */ = {isa = PBXFileReference; lastKnownFileType = sourcecode.swift; path = SettingBuilder.swift; sourceTree = "<group>"; };
		5E20BCCA2A272B7000E6A73D /* SettingInteractor.swift */ = {isa = PBXFileReference; lastKnownFileType = sourcecode.swift; path = SettingInteractor.swift; sourceTree = "<group>"; };
		5E20BCD02A2730DC00E6A73D /* SettingCell.swift */ = {isa = PBXFileReference; lastKnownFileType = sourcecode.swift; path = SettingCell.swift; sourceTree = "<group>"; };
		5E26A5482A0644CC0012DEE4 /* KeyboardObservable.swift */ = {isa = PBXFileReference; lastKnownFileType = sourcecode.swift; path = KeyboardObservable.swift; sourceTree = "<group>"; };
		5E26A54A2A066F9D0012DEE4 /* UIScrollView+.swift */ = {isa = PBXFileReference; lastKnownFileType = sourcecode.swift; path = "UIScrollView+.swift"; sourceTree = "<group>"; };
		5E26A54D2A0683420012DEE4 /* BankSelectRouter.swift */ = {isa = PBXFileReference; lastKnownFileType = sourcecode.swift; path = BankSelectRouter.swift; sourceTree = "<group>"; };
		5E26A54E2A0683420012DEE4 /* BankSelectViewController.swift */ = {isa = PBXFileReference; lastKnownFileType = sourcecode.swift; path = BankSelectViewController.swift; sourceTree = "<group>"; };
		5E26A54F2A0683420012DEE4 /* BankSelectBuilder.swift */ = {isa = PBXFileReference; lastKnownFileType = sourcecode.swift; path = BankSelectBuilder.swift; sourceTree = "<group>"; };
		5E26A5502A0683420012DEE4 /* BankSelectInteractor.swift */ = {isa = PBXFileReference; lastKnownFileType = sourcecode.swift; path = BankSelectInteractor.swift; sourceTree = "<group>"; };
		5E26A5562A07ACC20012DEE4 /* BankCollectionView.swift */ = {isa = PBXFileReference; lastKnownFileType = sourcecode.swift; path = BankCollectionView.swift; sourceTree = "<group>"; };
		5E26A5582A07B2770012DEE4 /* BankCell.swift */ = {isa = PBXFileReference; lastKnownFileType = sourcecode.swift; path = BankCell.swift; sourceTree = "<group>"; };
		5E3953FC2A13EEC60084A8AD /* BankList.json */ = {isa = PBXFileReference; lastKnownFileType = text.json; name = BankList.json; path = AccountBook/Resources/BankList.json; sourceTree = SOURCE_ROOT; };
		5E5BEDA42A1B07CF002EC397 /* BankObject.swift */ = {isa = PBXFileReference; lastKnownFileType = sourcecode.swift; path = BankObject.swift; sourceTree = "<group>"; };
		5E5BEDA62A1B089A002EC397 /* AccountObject.swift */ = {isa = PBXFileReference; lastKnownFileType = sourcecode.swift; path = AccountObject.swift; sourceTree = "<group>"; };
		5E5BEDA92A1B219D002EC397 /* PersistentStorage.swift */ = {isa = PBXFileReference; lastKnownFileType = sourcecode.swift; path = PersistentStorage.swift; sourceTree = "<group>"; };
		5E5BEDAC2A1B247A002EC397 /* AccountRepository.swift */ = {isa = PBXFileReference; lastKnownFileType = sourcecode.swift; path = AccountRepository.swift; sourceTree = "<group>"; };
		5E5BEDB92A1B5C67002EC397 /* AccountRepositoryType.swift */ = {isa = PBXFileReference; lastKnownFileType = sourcecode.swift; path = AccountRepositoryType.swift; sourceTree = "<group>"; };
		5E60C0872A1DA69600FD7F0C /* ToastPresentable.swift */ = {isa = PBXFileReference; lastKnownFileType = sourcecode.swift; path = ToastPresentable.swift; sourceTree = "<group>"; };
		5E60C08A2A1DABE400FD7F0C /* ToastView.swift */ = {isa = PBXFileReference; lastKnownFileType = sourcecode.swift; path = ToastView.swift; sourceTree = "<group>"; };
		5E6ACC7A2A2DADFB00FD63EF /* Date+.swift */ = {isa = PBXFileReference; lastKnownFileType = sourcecode.swift; path = "Date+.swift"; sourceTree = "<group>"; };
		5E6ACC7C2A2DD08D00FD63EF /* UserDefaults+.swift */ = {isa = PBXFileReference; lastKnownFileType = sourcecode.swift; path = "UserDefaults+.swift"; sourceTree = "<group>"; };
		5E6ACC812A2DDA1C00FD63EF /* UserDefaultsKey.swift */ = {isa = PBXFileReference; lastKnownFileType = sourcecode.swift; path = UserDefaultsKey.swift; sourceTree = "<group>"; };
		5E6BCE6629EBC7A1008CEFE5 /* RootRouter.swift */ = {isa = PBXFileReference; lastKnownFileType = sourcecode.swift; path = RootRouter.swift; sourceTree = "<group>"; };
		5E6BCE6729EBC7A1008CEFE5 /* RootViewController.swift */ = {isa = PBXFileReference; lastKnownFileType = sourcecode.swift; path = RootViewController.swift; sourceTree = "<group>"; };
		5E6BCE6829EBC7A1008CEFE5 /* RootBuilder.swift */ = {isa = PBXFileReference; lastKnownFileType = sourcecode.swift; path = RootBuilder.swift; sourceTree = "<group>"; };
		5E6BCE6929EBC7A1008CEFE5 /* RootInteractor.swift */ = {isa = PBXFileReference; lastKnownFileType = sourcecode.swift; path = RootInteractor.swift; sourceTree = "<group>"; };
		5E6BCE6E29EBC850008CEFE5 /* AppComponent.swift */ = {isa = PBXFileReference; lastKnownFileType = sourcecode.swift; path = AppComponent.swift; sourceTree = "<group>"; };
		5E8A4E1D2A18B82400EEA716 /* Account.swift */ = {isa = PBXFileReference; lastKnownFileType = sourcecode.swift; path = Account.swift; sourceTree = "<group>"; };
		5E9771182A092C3A00A6B28F /* Bank.swift */ = {isa = PBXFileReference; lastKnownFileType = sourcecode.swift; path = Bank.swift; sourceTree = "<group>"; };
		5E97711A2A093FA300A6B28F /* BankSelectFooterView.swift */ = {isa = PBXFileReference; lastKnownFileType = sourcecode.swift; path = BankSelectFooterView.swift; sourceTree = "<group>"; };
		5EAA446C2A1F43C500E0214D /* AccountDetailRouter.swift */ = {isa = PBXFileReference; lastKnownFileType = sourcecode.swift; path = AccountDetailRouter.swift; sourceTree = "<group>"; };
		5EAA446D2A1F43C500E0214D /* AccountDetailViewController.swift */ = {isa = PBXFileReference; lastKnownFileType = sourcecode.swift; path = AccountDetailViewController.swift; sourceTree = "<group>"; };
		5EAA446E2A1F43C500E0214D /* AccountDetailBuilder.swift */ = {isa = PBXFileReference; lastKnownFileType = sourcecode.swift; path = AccountDetailBuilder.swift; sourceTree = "<group>"; };
		5EAA446F2A1F43C500E0214D /* AccountDetailInteractor.swift */ = {isa = PBXFileReference; lastKnownFileType = sourcecode.swift; path = AccountDetailInteractor.swift; sourceTree = "<group>"; };
		5EAA44742A1F574300E0214D /* BankSelectInputView.swift */ = {isa = PBXFileReference; fileEncoding = 4; lastKnownFileType = sourcecode.swift; path = BankSelectInputView.swift; sourceTree = "<group>"; };
		5EB10D002A04E89100D6DE83 /* UnderLineTextField.swift */ = {isa = PBXFileReference; lastKnownFileType = sourcecode.swift; path = UnderLineTextField.swift; sourceTree = "<group>"; };
		5EBA27BD2A037682009AB303 /* AccountRegisterRouter.swift */ = {isa = PBXFileReference; lastKnownFileType = sourcecode.swift; path = AccountRegisterRouter.swift; sourceTree = "<group>"; };
		5EBA27BE2A037682009AB303 /* AccountRegisterViewController.swift */ = {isa = PBXFileReference; lastKnownFileType = sourcecode.swift; path = AccountRegisterViewController.swift; sourceTree = "<group>"; };
		5EBA27BF2A037682009AB303 /* AccountRegisterBuilder.swift */ = {isa = PBXFileReference; lastKnownFileType = sourcecode.swift; path = AccountRegisterBuilder.swift; sourceTree = "<group>"; };
		5EBA27C02A037682009AB303 /* AccountRegisterInteractor.swift */ = {isa = PBXFileReference; lastKnownFileType = sourcecode.swift; path = AccountRegisterInteractor.swift; sourceTree = "<group>"; };
		5ECF258A2A304C4C001FEEE3 /* AccountBookWidgetExtension.appex */ = {isa = PBXFileReference; explicitFileType = "wrapper.app-extension"; includeInIndex = 0; path = AccountBookWidgetExtension.appex; sourceTree = BUILT_PRODUCTS_DIR; };
		5ECF258C2A304C4C001FEEE3 /* WidgetKit.framework */ = {isa = PBXFileReference; lastKnownFileType = wrapper.framework; name = WidgetKit.framework; path = System/Library/Frameworks/WidgetKit.framework; sourceTree = SDKROOT; };
		5ECF258E2A304C4C001FEEE3 /* SwiftUI.framework */ = {isa = PBXFileReference; lastKnownFileType = wrapper.framework; name = SwiftUI.framework; path = System/Library/Frameworks/SwiftUI.framework; sourceTree = SDKROOT; };
		5ECF25912A304C4C001FEEE3 /* AccountBookWidgetBundle.swift */ = {isa = PBXFileReference; lastKnownFileType = sourcecode.swift; path = AccountBookWidgetBundle.swift; sourceTree = "<group>"; };
		5ECF25932A304C4C001FEEE3 /* AccountBookWidget.swift */ = {isa = PBXFileReference; lastKnownFileType = sourcecode.swift; path = AccountBookWidget.swift; sourceTree = "<group>"; };
		5ECF25952A304C4C001FEEE3 /* AccountBookWidget.intentdefinition */ = {isa = PBXFileReference; lastKnownFileType = file.intentdefinition; path = AccountBookWidget.intentdefinition; sourceTree = "<group>"; };
		5ECF25962A304C4D001FEEE3 /* Assets.xcassets */ = {isa = PBXFileReference; lastKnownFileType = folder.assetcatalog; path = Assets.xcassets; sourceTree = "<group>"; };
		5ECF25982A304C4D001FEEE3 /* Info.plist */ = {isa = PBXFileReference; lastKnownFileType = text.plist.xml; path = Info.plist; sourceTree = "<group>"; };
		5ECF25A82A3064FF001FEEE3 /* IntentsExtension.appex */ = {isa = PBXFileReference; explicitFileType = "wrapper.app-extension"; includeInIndex = 0; path = IntentsExtension.appex; sourceTree = BUILT_PRODUCTS_DIR; };
		5ECF25A92A3064FF001FEEE3 /* Intents.framework */ = {isa = PBXFileReference; lastKnownFileType = wrapper.framework; name = Intents.framework; path = System/Library/Frameworks/Intents.framework; sourceTree = SDKROOT; };
		5ECF25AC2A3064FF001FEEE3 /* IntentHandler.swift */ = {isa = PBXFileReference; lastKnownFileType = sourcecode.swift; path = IntentHandler.swift; sourceTree = "<group>"; };
		5ECF25AE2A3064FF001FEEE3 /* Info.plist */ = {isa = PBXFileReference; lastKnownFileType = text.plist.xml; path = Info.plist; sourceTree = "<group>"; };
		5ECF25B42A3064FF001FEEE3 /* IntentsUI.framework */ = {isa = PBXFileReference; lastKnownFileType = wrapper.framework; name = IntentsUI.framework; path = System/Library/Frameworks/IntentsUI.framework; sourceTree = SDKROOT; };
		5ECF25DB2A308B39001FEEE3 /* AccountBook.entitlements */ = {isa = PBXFileReference; lastKnownFileType = text.plist.entitlements; path = AccountBook.entitlements; sourceTree = "<group>"; };
		5ECF25DC2A308B3E001FEEE3 /* IntentsExtension.entitlements */ = {isa = PBXFileReference; lastKnownFileType = text.plist.entitlements; path = IntentsExtension.entitlements; sourceTree = "<group>"; };
		5ECF25DD2A308D70001FEEE3 /* GroupIdentifier.swift */ = {isa = PBXFileReference; lastKnownFileType = sourcecode.swift; path = GroupIdentifier.swift; sourceTree = "<group>"; };
		5ECF25E02A30940A001FEEE3 /* AccountBookWidgetExtension.entitlements */ = {isa = PBXFileReference; lastKnownFileType = text.plist.entitlements; path = AccountBookWidgetExtension.entitlements; sourceTree = "<group>"; };
		5ECF25E12A309B3E001FEEE3 /* SmallWidget.swift */ = {isa = PBXFileReference; lastKnownFileType = sourcecode.swift; path = SmallWidget.swift; sourceTree = "<group>"; };
		5ECF25E72A30A665001FEEE3 /* ListWidget.swift */ = {isa = PBXFileReference; lastKnownFileType = sourcecode.swift; path = ListWidget.swift; sourceTree = "<group>"; };
		5ED5E20A2A0216B6005FEA13 /* AccountCollectionView.swift */ = {isa = PBXFileReference; lastKnownFileType = sourcecode.swift; path = AccountCollectionView.swift; sourceTree = "<group>"; };
		5ED5E20C2A0216DC005FEA13 /* AccountCell.swift */ = {isa = PBXFileReference; lastKnownFileType = sourcecode.swift; path = AccountCell.swift; sourceTree = "<group>"; };
		5ED5E20F2A02902E005FEA13 /* UIColor+.swift */ = {isa = PBXFileReference; lastKnownFileType = sourcecode.swift; path = "UIColor+.swift"; sourceTree = "<group>"; };
		5ED5E2112A029EAF005FEA13 /* HomeEmptyView.swift */ = {isa = PBXFileReference; lastKnownFileType = sourcecode.swift; path = HomeEmptyView.swift; sourceTree = "<group>"; };
		5EDE33AD2A323D1F007A906F /* AccountSelectedRouter.swift */ = {isa = PBXFileReference; lastKnownFileType = sourcecode.swift; path = AccountSelectedRouter.swift; sourceTree = "<group>"; };
		5EDE33AE2A323D1F007A906F /* AccountSelectedViewController.swift */ = {isa = PBXFileReference; lastKnownFileType = sourcecode.swift; path = AccountSelectedViewController.swift; sourceTree = "<group>"; };
		5EDE33AF2A323D1F007A906F /* AccountSelectedBuilder.swift */ = {isa = PBXFileReference; lastKnownFileType = sourcecode.swift; path = AccountSelectedBuilder.swift; sourceTree = "<group>"; };
		5EDE33B02A323D1F007A906F /* AccountSelectedInteractor.swift */ = {isa = PBXFileReference; lastKnownFileType = sourcecode.swift; path = AccountSelectedInteractor.swift; sourceTree = "<group>"; };
		5EE82F522A007F4E0075D2ED /* LoggedInRouter.swift */ = {isa = PBXFileReference; lastKnownFileType = sourcecode.swift; path = LoggedInRouter.swift; sourceTree = "<group>"; };
		5EE82F532A007F4E0075D2ED /* LoggedInBuilder.swift */ = {isa = PBXFileReference; lastKnownFileType = sourcecode.swift; path = LoggedInBuilder.swift; sourceTree = "<group>"; };
		5EE82F542A007F4E0075D2ED /* LoggedInInteractor.swift */ = {isa = PBXFileReference; lastKnownFileType = sourcecode.swift; path = LoggedInInteractor.swift; sourceTree = "<group>"; };
		5EE82F592A0086D00075D2ED /* MainRouter.swift */ = {isa = PBXFileReference; lastKnownFileType = sourcecode.swift; path = MainRouter.swift; sourceTree = "<group>"; };
		5EE82F5A2A0086D00075D2ED /* MainViewController.swift */ = {isa = PBXFileReference; lastKnownFileType = sourcecode.swift; path = MainViewController.swift; sourceTree = "<group>"; };
		5EE82F5B2A0086D00075D2ED /* MainBuilder.swift */ = {isa = PBXFileReference; lastKnownFileType = sourcecode.swift; path = MainBuilder.swift; sourceTree = "<group>"; };
		5EE82F5C2A0086D00075D2ED /* MainInteractor.swift */ = {isa = PBXFileReference; lastKnownFileType = sourcecode.swift; path = MainInteractor.swift; sourceTree = "<group>"; };
		5EE82F622A0096050075D2ED /* HomeRouter.swift */ = {isa = PBXFileReference; lastKnownFileType = sourcecode.swift; path = HomeRouter.swift; sourceTree = "<group>"; };
		5EE82F632A0096050075D2ED /* HomeViewController.swift */ = {isa = PBXFileReference; lastKnownFileType = sourcecode.swift; path = HomeViewController.swift; sourceTree = "<group>"; };
		5EE82F642A0096050075D2ED /* HomeBuilder.swift */ = {isa = PBXFileReference; lastKnownFileType = sourcecode.swift; path = HomeBuilder.swift; sourceTree = "<group>"; };
		5EE82F652A0096050075D2ED /* HomeInteractor.swift */ = {isa = PBXFileReference; lastKnownFileType = sourcecode.swift; path = HomeInteractor.swift; sourceTree = "<group>"; };
		5EEA8CC72A28810000CFEEB6 /* AuthenticationNoticeView.swift */ = {isa = PBXFileReference; lastKnownFileType = sourcecode.swift; path = AuthenticationNoticeView.swift; sourceTree = "<group>"; };
		5EEA8CCB2A28866800CFEEB6 /* LocalAuthenticationRepository.swift */ = {isa = PBXFileReference; lastKnownFileType = sourcecode.swift; path = LocalAuthenticationRepository.swift; sourceTree = "<group>"; };
		5EEA8CCD2A288BBD00CFEEB6 /* LocalAuthenticationRepositoryType.swift */ = {isa = PBXFileReference; lastKnownFileType = sourcecode.swift; path = LocalAuthenticationRepositoryType.swift; sourceTree = "<group>"; };
		5EFB553129EA81DA006546B5 /* AccountBook.app */ = {isa = PBXFileReference; explicitFileType = wrapper.application; includeInIndex = 0; path = AccountBook.app; sourceTree = BUILT_PRODUCTS_DIR; };
		5EFB553429EA81DB006546B5 /* AppDelegate.swift */ = {isa = PBXFileReference; lastKnownFileType = sourcecode.swift; path = AppDelegate.swift; sourceTree = "<group>"; };
		5EFB553629EA81DB006546B5 /* SceneDelegate.swift */ = {isa = PBXFileReference; lastKnownFileType = sourcecode.swift; path = SceneDelegate.swift; sourceTree = "<group>"; };
		5EFB553D29EA81DB006546B5 /* Assets.xcassets */ = {isa = PBXFileReference; lastKnownFileType = folder.assetcatalog; path = Assets.xcassets; sourceTree = "<group>"; };
		5EFB554029EA81DB006546B5 /* Base */ = {isa = PBXFileReference; lastKnownFileType = file.storyboard; name = Base; path = Base.lproj/LaunchScreen.storyboard; sourceTree = "<group>"; };
		5EFB554229EA81DB006546B5 /* Info.plist */ = {isa = PBXFileReference; lastKnownFileType = text.plist.xml; path = Info.plist; sourceTree = "<group>"; };
		5EFD8E492A09FDCF00C0ED03 /* AlertPresentable.swift */ = {isa = PBXFileReference; lastKnownFileType = sourcecode.swift; path = AlertPresentable.swift; sourceTree = "<group>"; };
		5EFD8E4B2A0A112F00C0ED03 /* UIAlertController+.swift */ = {isa = PBXFileReference; lastKnownFileType = sourcecode.swift; path = "UIAlertController+.swift"; sourceTree = "<group>"; };
/* End PBXFileReference section */

/* Begin PBXFrameworksBuildPhase section */
		5ECF25872A304C4C001FEEE3 /* Frameworks */ = {
			isa = PBXFrameworksBuildPhase;
			buildActionMask = 2147483647;
			files = (
				5E73801A2A318434003ED9CA /* RealmSwift in Frameworks */,
				5E7380182A318434003ED9CA /* Realm in Frameworks */,
				5ECF258F2A304C4C001FEEE3 /* SwiftUI.framework in Frameworks */,
				5ECF258D2A304C4C001FEEE3 /* WidgetKit.framework in Frameworks */,
			);
			runOnlyForDeploymentPostprocessing = 0;
		};
		5ECF25A52A3064FE001FEEE3 /* Frameworks */ = {
			isa = PBXFrameworksBuildPhase;
			buildActionMask = 2147483647;
			files = (
				5ECF25D52A307989001FEEE3 /* RealmSwift in Frameworks */,
				5ECF25D32A307989001FEEE3 /* Realm in Frameworks */,
				5ECF25AA2A3064FF001FEEE3 /* Intents.framework in Frameworks */,
			);
			runOnlyForDeploymentPostprocessing = 0;
		};
		5EFB552E29EA81DA006546B5 /* Frameworks */ = {
			isa = PBXFrameworksBuildPhase;
			buildActionMask = 2147483647;
			files = (
				5E5BEDA12A1B07B4002EC397 /* RealmSwift in Frameworks */,
				5E8A4E1C2A18B2DD00EEA716 /* CombineExt in Frameworks */,
				5EFB555329EA88DF006546B5 /* SnapKit in Frameworks */,
				5EFB554D29EA8884006546B5 /* Then in Frameworks */,
				5EFB555029EA8891006546B5 /* ModernRIBs in Frameworks */,
				5E5BED9F2A1B07B4002EC397 /* Realm in Frameworks */,
			);
			runOnlyForDeploymentPostprocessing = 0;
		};
/* End PBXFrameworksBuildPhase section */

/* Begin PBXGroup section */
		5E20BCC62A272B2200E6A73D /* Setting */ = {
			isa = PBXGroup;
			children = (
				5E20BCCF2A2730C000E6A73D /* UI */,
				5E20BCC72A272B7000E6A73D /* SettingRouter.swift */,
				5E20BCC82A272B7000E6A73D /* SettingViewController.swift */,
				5E20BCC92A272B7000E6A73D /* SettingBuilder.swift */,
				5E20BCCA2A272B7000E6A73D /* SettingInteractor.swift */,
			);
			path = Setting;
			sourceTree = "<group>";
		};
		5E20BCCF2A2730C000E6A73D /* UI */ = {
			isa = PBXGroup;
			children = (
				5E20BCD02A2730DC00E6A73D /* SettingCell.swift */,
				5EEA8CC72A28810000CFEEB6 /* AuthenticationNoticeView.swift */,
			);
			path = UI;
			sourceTree = "<group>";
		};
		5E26A5462A0642AC0012DEE4 /* Common */ = {
			isa = PBXGroup;
			children = (
				5E60C0892A1DABCE00FD7F0C /* UI */,
				5E26A5472A0642B90012DEE4 /* Protocol */,
			);
			path = Common;
			sourceTree = "<group>";
		};
		5E26A5472A0642B90012DEE4 /* Protocol */ = {
			isa = PBXGroup;
			children = (
				5E26A5482A0644CC0012DEE4 /* KeyboardObservable.swift */,
				5EFD8E492A09FDCF00C0ED03 /* AlertPresentable.swift */,
				5E60C0872A1DA69600FD7F0C /* ToastPresentable.swift */,
			);
			path = Protocol;
			sourceTree = "<group>";
		};
		5E26A54C2A0682F90012DEE4 /* BankSelect */ = {
			isa = PBXGroup;
			children = (
				5E26A5552A07ACAA0012DEE4 /* UI */,
				5E26A54D2A0683420012DEE4 /* BankSelectRouter.swift */,
				5E26A54E2A0683420012DEE4 /* BankSelectViewController.swift */,
				5E26A54F2A0683420012DEE4 /* BankSelectBuilder.swift */,
				5E26A5502A0683420012DEE4 /* BankSelectInteractor.swift */,
			);
			path = BankSelect;
			sourceTree = "<group>";
		};
		5E26A5552A07ACAA0012DEE4 /* UI */ = {
			isa = PBXGroup;
			children = (
				5E26A5562A07ACC20012DEE4 /* BankCollectionView.swift */,
				5E26A5582A07B2770012DEE4 /* BankCell.swift */,
				5E97711A2A093FA300A6B28F /* BankSelectFooterView.swift */,
			);
			path = UI;
			sourceTree = "<group>";
		};
		5E5BEDA22A1B07BB002EC397 /* Data */ = {
			isa = PBXGroup;
			children = (
				5E5BEDAB2A1B2438002EC397 /* Repository */,
				5E5BEDA82A1B2185002EC397 /* PersistentStorage */,
				5E5BEDA32A1B07C0002EC397 /* PersistentData */,
			);
			path = Data;
			sourceTree = "<group>";
		};
		5E5BEDA32A1B07C0002EC397 /* PersistentData */ = {
			isa = PBXGroup;
			children = (
				5E5BEDA42A1B07CF002EC397 /* BankObject.swift */,
				5E5BEDA62A1B089A002EC397 /* AccountObject.swift */,
			);
			path = PersistentData;
			sourceTree = "<group>";
		};
		5E5BEDA82A1B2185002EC397 /* PersistentStorage */ = {
			isa = PBXGroup;
			children = (
				5E5BEDA92A1B219D002EC397 /* PersistentStorage.swift */,
			);
			path = PersistentStorage;
			sourceTree = "<group>";
		};
		5E5BEDAB2A1B2438002EC397 /* Repository */ = {
			isa = PBXGroup;
			children = (
				5E5BEDAC2A1B247A002EC397 /* AccountRepository.swift */,
				5EEA8CCB2A28866800CFEEB6 /* LocalAuthenticationRepository.swift */,
			);
			path = Repository;
			sourceTree = "<group>";
		};
		5E5BEDB82A1B5C58002EC397 /* RepositoryType */ = {
			isa = PBXGroup;
			children = (
				5E5BEDB92A1B5C67002EC397 /* AccountRepositoryType.swift */,
				5EEA8CCD2A288BBD00CFEEB6 /* LocalAuthenticationRepositoryType.swift */,
			);
			path = RepositoryType;
			sourceTree = "<group>";
		};
		5E60C0892A1DABCE00FD7F0C /* UI */ = {
			isa = PBXGroup;
			children = (
				5E60C08A2A1DABE400FD7F0C /* ToastView.swift */,
			);
			path = UI;
			sourceTree = "<group>";
		};
		5E6ACC7E2A2DD76D00FD63EF /* Constants */ = {
			isa = PBXGroup;
			children = (
				5E6ACC812A2DDA1C00FD63EF /* UserDefaultsKey.swift */,
				5ECF25DD2A308D70001FEEE3 /* GroupIdentifier.swift */,
			);
			path = Constants;
			sourceTree = "<group>";
		};
		5E6BCE6529EBC6D9008CEFE5 /* Root */ = {
			isa = PBXGroup;
			children = (
				5E6BCE6629EBC7A1008CEFE5 /* RootRouter.swift */,
				5E6BCE6729EBC7A1008CEFE5 /* RootViewController.swift */,
				5E6BCE6829EBC7A1008CEFE5 /* RootBuilder.swift */,
				5E6BCE6929EBC7A1008CEFE5 /* RootInteractor.swift */,
			);
			path = Root;
			sourceTree = "<group>";
		};
		5E9771152A092B2500A6B28F /* Domain */ = {
			isa = PBXGroup;
			children = (
				5E5BEDB82A1B5C58002EC397 /* RepositoryType */,
				5E9771172A092C2A00A6B28F /* Entities */,
			);
			path = Domain;
			sourceTree = "<group>";
		};
		5E9771172A092C2A00A6B28F /* Entities */ = {
			isa = PBXGroup;
			children = (
				5E9771182A092C3A00A6B28F /* Bank.swift */,
				5E8A4E1D2A18B82400EEA716 /* Account.swift */,
			);
			path = Entities;
			sourceTree = "<group>";
		};
		5EAA446B2A1F43B000E0214D /* AccountDetail */ = {
			isa = PBXGroup;
			children = (
				5EAA446C2A1F43C500E0214D /* AccountDetailRouter.swift */,
				5EAA446D2A1F43C500E0214D /* AccountDetailViewController.swift */,
				5EAA446E2A1F43C500E0214D /* AccountDetailBuilder.swift */,
				5EAA446F2A1F43C500E0214D /* AccountDetailInteractor.swift */,
			);
			path = AccountDetail;
			sourceTree = "<group>";
		};
		5EB10CFD2A04E06A00D6DE83 /* UI */ = {
			isa = PBXGroup;
			children = (
				5EAA44742A1F574300E0214D /* BankSelectInputView.swift */,
				5EB10D002A04E89100D6DE83 /* UnderLineTextField.swift */,
			);
			path = UI;
			sourceTree = "<group>";
		};
		5EBA27BC2A037661009AB303 /* AccountRegister */ = {
			isa = PBXGroup;
			children = (
				5EB10CFD2A04E06A00D6DE83 /* UI */,
				5EBA27BD2A037682009AB303 /* AccountRegisterRouter.swift */,
				5EBA27BE2A037682009AB303 /* AccountRegisterViewController.swift */,
				5EBA27BF2A037682009AB303 /* AccountRegisterBuilder.swift */,
				5EBA27C02A037682009AB303 /* AccountRegisterInteractor.swift */,
			);
			path = AccountRegister;
			sourceTree = "<group>";
		};
		5ECF258B2A304C4C001FEEE3 /* Frameworks */ = {
			isa = PBXGroup;
			children = (
				5ECF258C2A304C4C001FEEE3 /* WidgetKit.framework */,
				5ECF258E2A304C4C001FEEE3 /* SwiftUI.framework */,
				5ECF25A92A3064FF001FEEE3 /* Intents.framework */,
				5ECF25B42A3064FF001FEEE3 /* IntentsUI.framework */,
			);
			name = Frameworks;
			sourceTree = "<group>";
		};
		5ECF25902A304C4C001FEEE3 /* AccountBookWidget */ = {
			isa = PBXGroup;
			children = (
				5ECF25912A304C4C001FEEE3 /* AccountBookWidgetBundle.swift */,
				5ECF25932A304C4C001FEEE3 /* AccountBookWidget.swift */,
				5ECF25E12A309B3E001FEEE3 /* SmallWidget.swift */,
				5ECF25E72A30A665001FEEE3 /* ListWidget.swift */,
				5E09CC892A32F552003BA8E0 /* WidgetItemView.swift */,
				5ECF25952A304C4C001FEEE3 /* AccountBookWidget.intentdefinition */,
				5ECF25962A304C4D001FEEE3 /* Assets.xcassets */,
				5ECF25982A304C4D001FEEE3 /* Info.plist */,
			);
			path = AccountBookWidget;
			sourceTree = "<group>";
		};
		5ECF25AB2A3064FF001FEEE3 /* IntentsExtension */ = {
			isa = PBXGroup;
			children = (
				5ECF25DC2A308B3E001FEEE3 /* IntentsExtension.entitlements */,
				5ECF25AC2A3064FF001FEEE3 /* IntentHandler.swift */,
				5ECF25AE2A3064FF001FEEE3 /* Info.plist */,
			);
			path = IntentsExtension;
			sourceTree = "<group>";
		};
		5ED5E2092A02169A005FEA13 /* UI */ = {
			isa = PBXGroup;
			children = (
				5ED5E20A2A0216B6005FEA13 /* AccountCollectionView.swift */,
				5ED5E20C2A0216DC005FEA13 /* AccountCell.swift */,
				5ED5E2112A029EAF005FEA13 /* HomeEmptyView.swift */,
			);
			path = UI;
			sourceTree = "<group>";
		};
		5ED5E20E2A029021005FEA13 /* Extension */ = {
			isa = PBXGroup;
			children = (
				5ED5E20F2A02902E005FEA13 /* UIColor+.swift */,
				5E26A54A2A066F9D0012DEE4 /* UIScrollView+.swift */,
				5EFD8E4B2A0A112F00C0ED03 /* UIAlertController+.swift */,
				5E6ACC7A2A2DADFB00FD63EF /* Date+.swift */,
				5E6ACC7C2A2DD08D00FD63EF /* UserDefaults+.swift */,
				5E09CC8C2A32FE37003BA8E0 /* NotificationName+.swift */,
			);
			path = Extension;
			sourceTree = "<group>";
		};
		5EDE33AC2A323BE1007A906F /* AccountSelected */ = {
			isa = PBXGroup;
			children = (
				5EDE33AD2A323D1F007A906F /* AccountSelectedRouter.swift */,
				5EDE33AE2A323D1F007A906F /* AccountSelectedViewController.swift */,
				5EDE33AF2A323D1F007A906F /* AccountSelectedBuilder.swift */,
				5EDE33B02A323D1F007A906F /* AccountSelectedInteractor.swift */,
			);
			path = AccountSelected;
			sourceTree = "<group>";
		};
		5EE82F512A007F370075D2ED /* LoggedIn */ = {
			isa = PBXGroup;
			children = (
				5EE82F522A007F4E0075D2ED /* LoggedInRouter.swift */,
				5EE82F532A007F4E0075D2ED /* LoggedInBuilder.swift */,
				5EE82F542A007F4E0075D2ED /* LoggedInInteractor.swift */,
			);
			path = LoggedIn;
			sourceTree = "<group>";
		};
		5EE82F582A0086BF0075D2ED /* Main */ = {
			isa = PBXGroup;
			children = (
				5EE82F592A0086D00075D2ED /* MainRouter.swift */,
				5EE82F5A2A0086D00075D2ED /* MainViewController.swift */,
				5EE82F5B2A0086D00075D2ED /* MainBuilder.swift */,
				5EE82F5C2A0086D00075D2ED /* MainInteractor.swift */,
			);
			path = Main;
			sourceTree = "<group>";
		};
		5EE82F612A0095F50075D2ED /* Home */ = {
			isa = PBXGroup;
			children = (
				5ED5E2092A02169A005FEA13 /* UI */,
				5EE82F622A0096050075D2ED /* HomeRouter.swift */,
				5EE82F632A0096050075D2ED /* HomeViewController.swift */,
				5EE82F642A0096050075D2ED /* HomeBuilder.swift */,
				5EE82F652A0096050075D2ED /* HomeInteractor.swift */,
			);
			path = Home;
			sourceTree = "<group>";
		};
		5EFB552829EA81DA006546B5 = {
			isa = PBXGroup;
			children = (
				5ECF25E02A30940A001FEEE3 /* AccountBookWidgetExtension.entitlements */,
				5EFB553329EA81DA006546B5 /* AccountBook */,
				5ECF25902A304C4C001FEEE3 /* AccountBookWidget */,
				5ECF25AB2A3064FF001FEEE3 /* IntentsExtension */,
				5ECF258B2A304C4C001FEEE3 /* Frameworks */,
				5EFB553229EA81DA006546B5 /* Products */,
			);
			sourceTree = "<group>";
		};
		5EFB553229EA81DA006546B5 /* Products */ = {
			isa = PBXGroup;
			children = (
				5EFB553129EA81DA006546B5 /* AccountBook.app */,
				5ECF258A2A304C4C001FEEE3 /* AccountBookWidgetExtension.appex */,
				5ECF25A82A3064FF001FEEE3 /* IntentsExtension.appex */,
			);
			name = Products;
			sourceTree = "<group>";
		};
		5EFB553329EA81DA006546B5 /* AccountBook */ = {
			isa = PBXGroup;
			children = (
				5ECF25DB2A308B39001FEEE3 /* AccountBook.entitlements */,
				5EFB554A29EA85DA006546B5 /* Resources */,
				5EFB554829EA8502006546B5 /* Sources */,
				5EFB553F29EA81DB006546B5 /* LaunchScreen.storyboard */,
				5EFB554229EA81DB006546B5 /* Info.plist */,
			);
			path = AccountBook;
			sourceTree = "<group>";
		};
		5EFB554829EA8502006546B5 /* Sources */ = {
			isa = PBXGroup;
			children = (
				5EDE33AC2A323BE1007A906F /* AccountSelected */,
				5E6ACC7E2A2DD76D00FD63EF /* Constants */,
				5E20BCC62A272B2200E6A73D /* Setting */,
				5EAA446B2A1F43B000E0214D /* AccountDetail */,
				5E5BEDA22A1B07BB002EC397 /* Data */,
				5E9771152A092B2500A6B28F /* Domain */,
				5E26A54C2A0682F90012DEE4 /* BankSelect */,
				5E26A5462A0642AC0012DEE4 /* Common */,
				5EBA27BC2A037661009AB303 /* AccountRegister */,
				5EFB554929EA852B006546B5 /* Application */,
				5E6BCE6529EBC6D9008CEFE5 /* Root */,
				5EE82F512A007F370075D2ED /* LoggedIn */,
				5EE82F582A0086BF0075D2ED /* Main */,
				5EE82F612A0095F50075D2ED /* Home */,
				5ED5E20E2A029021005FEA13 /* Extension */,
			);
			path = Sources;
			sourceTree = "<group>";
		};
		5EFB554929EA852B006546B5 /* Application */ = {
			isa = PBXGroup;
			children = (
				5EFB553429EA81DB006546B5 /* AppDelegate.swift */,
				5EFB553629EA81DB006546B5 /* SceneDelegate.swift */,
				5E6BCE6E29EBC850008CEFE5 /* AppComponent.swift */,
			);
			path = Application;
			sourceTree = "<group>";
		};
		5EFB554A29EA85DA006546B5 /* Resources */ = {
			isa = PBXGroup;
			children = (
				5EFB553D29EA81DB006546B5 /* Assets.xcassets */,
				5E3953FC2A13EEC60084A8AD /* BankList.json */,
			);
			path = Resources;
			sourceTree = "<group>";
		};
/* End PBXGroup section */

/* Begin PBXNativeTarget section */
		5ECF25892A304C4C001FEEE3 /* AccountBookWidgetExtension */ = {
			isa = PBXNativeTarget;
			buildConfigurationList = 5ECF25A12A304C4D001FEEE3 /* Build configuration list for PBXNativeTarget "AccountBookWidgetExtension" */;
			buildPhases = (
				5ECF25862A304C4C001FEEE3 /* Sources */,
				5ECF25872A304C4C001FEEE3 /* Frameworks */,
				5ECF25882A304C4C001FEEE3 /* Resources */,
			);
			buildRules = (
			);
			dependencies = (
			);
			name = AccountBookWidgetExtension;
			packageProductDependencies = (
				5E7380172A318434003ED9CA /* Realm */,
				5E7380192A318434003ED9CA /* RealmSwift */,
			);
			productName = AccountBookWidgetExtension;
			productReference = 5ECF258A2A304C4C001FEEE3 /* AccountBookWidgetExtension.appex */;
			productType = "com.apple.product-type.app-extension";
		};
		5ECF25A72A3064FE001FEEE3 /* IntentsExtension */ = {
			isa = PBXNativeTarget;
			buildConfigurationList = 5ECF25C62A3064FF001FEEE3 /* Build configuration list for PBXNativeTarget "IntentsExtension" */;
			buildPhases = (
				5ECF25A42A3064FE001FEEE3 /* Sources */,
				5ECF25A52A3064FE001FEEE3 /* Frameworks */,
				5ECF25A62A3064FE001FEEE3 /* Resources */,
			);
			buildRules = (
			);
			dependencies = (
			);
			name = IntentsExtension;
			packageProductDependencies = (
				5ECF25D22A307989001FEEE3 /* Realm */,
				5ECF25D42A307989001FEEE3 /* RealmSwift */,
			);
			productName = IntentsExtension;
			productReference = 5ECF25A82A3064FF001FEEE3 /* IntentsExtension.appex */;
			productType = "com.apple.product-type.app-extension";
		};
		5EFB553029EA81DA006546B5 /* AccountBook */ = {
			isa = PBXNativeTarget;
			buildConfigurationList = 5EFB554529EA81DB006546B5 /* Build configuration list for PBXNativeTarget "AccountBook" */;
			buildPhases = (
				5EFB552D29EA81DA006546B5 /* Sources */,
				5EFB552E29EA81DA006546B5 /* Frameworks */,
				5EFB552F29EA81DA006546B5 /* Resources */,
				5ECF259E2A304C4D001FEEE3 /* Embed Foundation Extensions */,
			);
			buildRules = (
			);
			dependencies = (
				5ECF259C2A304C4D001FEEE3 /* PBXTargetDependency */,
				5ECF25C12A3064FF001FEEE3 /* PBXTargetDependency */,
			);
			name = AccountBook;
			packageProductDependencies = (
				5EFB554C29EA8884006546B5 /* Then */,
				5EFB554F29EA8891006546B5 /* ModernRIBs */,
				5EFB555229EA88DF006546B5 /* SnapKit */,
				5E8A4E1B2A18B2DD00EEA716 /* CombineExt */,
				5E5BED9E2A1B07B4002EC397 /* Realm */,
				5E5BEDA02A1B07B4002EC397 /* RealmSwift */,
			);
			productName = AccountBook;
			productReference = 5EFB553129EA81DA006546B5 /* AccountBook.app */;
			productType = "com.apple.product-type.application";
		};
/* End PBXNativeTarget section */

/* Begin PBXProject section */
		5EFB552929EA81DA006546B5 /* Project object */ = {
			isa = PBXProject;
			attributes = {
				BuildIndependentTargetsInParallel = 1;
				LastSwiftUpdateCheck = 1430;
				LastUpgradeCheck = 1430;
				TargetAttributes = {
					5ECF25892A304C4C001FEEE3 = {
						CreatedOnToolsVersion = 14.3;
					};
					5ECF25A72A3064FE001FEEE3 = {
						CreatedOnToolsVersion = 14.3;
					};
					5EFB553029EA81DA006546B5 = {
						CreatedOnToolsVersion = 14.3;
					};
				};
			};
			buildConfigurationList = 5EFB552C29EA81DA006546B5 /* Build configuration list for PBXProject "AccountBook" */;
			compatibilityVersion = "Xcode 14.0";
			developmentRegion = en;
			hasScannedForEncodings = 0;
			knownRegions = (
				en,
				Base,
			);
			mainGroup = 5EFB552829EA81DA006546B5;
			packageReferences = (
				5EFB554B29EA8884006546B5 /* XCRemoteSwiftPackageReference "Then" */,
				5EFB554E29EA8891006546B5 /* XCRemoteSwiftPackageReference "ModernRIBs" */,
				5EFB555129EA88DF006546B5 /* XCRemoteSwiftPackageReference "SnapKit" */,
				5E8A4E1A2A18B2DD00EEA716 /* XCRemoteSwiftPackageReference "CombineExt" */,
				5E5BED9D2A1B07B4002EC397 /* XCRemoteSwiftPackageReference "realm-swift" */,
			);
			productRefGroup = 5EFB553229EA81DA006546B5 /* Products */;
			projectDirPath = "";
			projectRoot = "";
			targets = (
				5EFB553029EA81DA006546B5 /* AccountBook */,
				5ECF25892A304C4C001FEEE3 /* AccountBookWidgetExtension */,
				5ECF25A72A3064FE001FEEE3 /* IntentsExtension */,
			);
		};
/* End PBXProject section */

/* Begin PBXResourcesBuildPhase section */
		5ECF25882A304C4C001FEEE3 /* Resources */ = {
			isa = PBXResourcesBuildPhase;
			buildActionMask = 2147483647;
			files = (
				5ECF25D82A307B7F001FEEE3 /* Assets.xcassets in Resources */,
				5ECF25972A304C4D001FEEE3 /* Assets.xcassets in Resources */,
			);
			runOnlyForDeploymentPostprocessing = 0;
		};
		5ECF25A62A3064FE001FEEE3 /* Resources */ = {
			isa = PBXResourcesBuildPhase;
			buildActionMask = 2147483647;
			files = (
				5ECF25D92A307B80001FEEE3 /* Assets.xcassets in Resources */,
			);
			runOnlyForDeploymentPostprocessing = 0;
		};
		5EFB552F29EA81DA006546B5 /* Resources */ = {
			isa = PBXResourcesBuildPhase;
			buildActionMask = 2147483647;
			files = (
				5EFB554129EA81DB006546B5 /* LaunchScreen.storyboard in Resources */,
				5EFB553E29EA81DB006546B5 /* Assets.xcassets in Resources */,
				5E3953FD2A13EEC60084A8AD /* BankList.json in Resources */,
			);
			runOnlyForDeploymentPostprocessing = 0;
		};
/* End PBXResourcesBuildPhase section */

/* Begin PBXSourcesBuildPhase section */
		5ECF25862A304C4C001FEEE3 /* Sources */ = {
			isa = PBXSourcesBuildPhase;
			buildActionMask = 2147483647;
			files = (
				5E7380202A318620003ED9CA /* PersistentStorage.swift in Sources */,
				5ECF25942A304C4C001FEEE3 /* AccountBookWidget.swift in Sources */,
				5ECF25E82A30A665001FEEE3 /* ListWidget.swift in Sources */,
				5E73801B2A3184AE003ED9CA /* AccountObject.swift in Sources */,
				5ECF25E42A309B47001FEEE3 /* SmallWidget.swift in Sources */,
				5E73801D2A3185DB003ED9CA /* Account.swift in Sources */,
				5ECF25922A304C4C001FEEE3 /* AccountBookWidgetBundle.swift in Sources */,
				5E73801E2A3185FF003ED9CA /* Bank.swift in Sources */,
				5E73801F2A318606003ED9CA /* GroupIdentifier.swift in Sources */,
				5E73801C2A3185C3003ED9CA /* BankObject.swift in Sources */,
				5E09CC8B2A32F557003BA8E0 /* WidgetItemView.swift in Sources */,
				5ECF25992A304C4D001FEEE3 /* AccountBookWidget.intentdefinition in Sources */,
			);
			runOnlyForDeploymentPostprocessing = 0;
		};
		5ECF25A42A3064FE001FEEE3 /* Sources */ = {
			isa = PBXSourcesBuildPhase;
			buildActionMask = 2147483647;
			files = (
				5E7380212A318620003ED9CA /* PersistentStorage.swift in Sources */,
				5ECF25DF2A308D70001FEEE3 /* GroupIdentifier.swift in Sources */,
				5ECF25CF2A307899001FEEE3 /* Account.swift in Sources */,
				5ECF25CD2A3077D7001FEEE3 /* AccountObject.swift in Sources */,
				5ECF25AD2A3064FF001FEEE3 /* IntentHandler.swift in Sources */,
				5ECF25D02A3078C0001FEEE3 /* BankObject.swift in Sources */,
				5ECF25CA2A306631001FEEE3 /* AccountBookWidget.intentdefinition in Sources */,
				5ECF25D12A3078C3001FEEE3 /* Bank.swift in Sources */,
			);
			runOnlyForDeploymentPostprocessing = 0;
		};
		5EFB552D29EA81DA006546B5 /* Sources */ = {
			isa = PBXSourcesBuildPhase;
			buildActionMask = 2147483647;
			files = (
				5ED5E20B2A0216B6005FEA13 /* AccountCollectionView.swift in Sources */,
				5E6BCE6B29EBC7A1008CEFE5 /* RootViewController.swift in Sources */,
				5E26A5572A07ACC20012DEE4 /* BankCollectionView.swift in Sources */,
				5EE82F552A007F4E0075D2ED /* LoggedInRouter.swift in Sources */,
				5EFD8E4A2A09FDCF00C0ED03 /* AlertPresentable.swift in Sources */,
				5EEA8CCC2A28866800CFEEB6 /* LocalAuthenticationRepository.swift in Sources */,
				5E6BCE6F29EBC850008CEFE5 /* AppComponent.swift in Sources */,
				5E5BEDBA2A1B5C67002EC397 /* AccountRepositoryType.swift in Sources */,
				5EE82F5E2A0086D00075D2ED /* MainViewController.swift in Sources */,
				5ED5E20D2A0216DC005FEA13 /* AccountCell.swift in Sources */,
				5E26A5542A0683420012DEE4 /* BankSelectInteractor.swift in Sources */,
				5EAA44712A1F43C500E0214D /* AccountDetailViewController.swift in Sources */,
				5E6ACC7B2A2DADFB00FD63EF /* Date+.swift in Sources */,
				5E5BEDA52A1B07CF002EC397 /* BankObject.swift in Sources */,
				5E26A5532A0683420012DEE4 /* BankSelectBuilder.swift in Sources */,
				5EE82F662A0096050075D2ED /* HomeRouter.swift in Sources */,
				5EEA8CCE2A288BBD00CFEEB6 /* LocalAuthenticationRepositoryType.swift in Sources */,
				5E26A5512A0683420012DEE4 /* BankSelectRouter.swift in Sources */,
				5E8A4E1E2A18B82400EEA716 /* Account.swift in Sources */,
				5E60C08B2A1DABE400FD7F0C /* ToastView.swift in Sources */,
				5EE82F572A007F4E0075D2ED /* LoggedInInteractor.swift in Sources */,
				5EE82F602A0086D00075D2ED /* MainInteractor.swift in Sources */,
				5EBA27C12A037682009AB303 /* AccountRegisterRouter.swift in Sources */,
				5E20BCCD2A272B7000E6A73D /* SettingBuilder.swift in Sources */,
				5E5BEDAD2A1B247A002EC397 /* AccountRepository.swift in Sources */,
				5EE82F5F2A0086D00075D2ED /* MainBuilder.swift in Sources */,
				5EDE33B32A323D1F007A906F /* AccountSelectedBuilder.swift in Sources */,
				5E9771192A092C3A00A6B28F /* Bank.swift in Sources */,
				5E20BCCC2A272B7000E6A73D /* SettingViewController.swift in Sources */,
				5E5BEDAA2A1B219D002EC397 /* PersistentStorage.swift in Sources */,
				5E5BEDA72A1B089A002EC397 /* AccountObject.swift in Sources */,
				5E6BCE6A29EBC7A1008CEFE5 /* RootRouter.swift in Sources */,
				5E60C0882A1DA69600FD7F0C /* ToastPresentable.swift in Sources */,
				5ED5E2122A029EAF005FEA13 /* HomeEmptyView.swift in Sources */,
				5EE82F562A007F4E0075D2ED /* LoggedInBuilder.swift in Sources */,
				5E6BCE6D29EBC7A1008CEFE5 /* RootInteractor.swift in Sources */,
				5ECF25CC2A306755001FEEE3 /* AccountBookWidget.intentdefinition in Sources */,
				5EAA44732A1F43C500E0214D /* AccountDetailInteractor.swift in Sources */,
				5E6ACC7D2A2DD08D00FD63EF /* UserDefaults+.swift in Sources */,
				5E09CC8D2A32FE37003BA8E0 /* NotificationName+.swift in Sources */,
				5EBA27C22A037682009AB303 /* AccountRegisterViewController.swift in Sources */,
				5EEA8CC82A28810000CFEEB6 /* AuthenticationNoticeView.swift in Sources */,
				5EE82F672A0096050075D2ED /* HomeViewController.swift in Sources */,
				5E20BCCE2A272B7000E6A73D /* SettingInteractor.swift in Sources */,
				5EFD8E4C2A0A112F00C0ED03 /* UIAlertController+.swift in Sources */,
				5EB10D012A04E89100D6DE83 /* UnderLineTextField.swift in Sources */,
				5EAA44722A1F43C500E0214D /* AccountDetailBuilder.swift in Sources */,
				5E26A5522A0683420012DEE4 /* BankSelectViewController.swift in Sources */,
				5E6ACC822A2DDA1C00FD63EF /* UserDefaultsKey.swift in Sources */,
				5EAA44752A1F574300E0214D /* BankSelectInputView.swift in Sources */,
				5E26A5492A0644CC0012DEE4 /* KeyboardObservable.swift in Sources */,
				5EFB553529EA81DB006546B5 /* AppDelegate.swift in Sources */,
				5EFB553729EA81DB006546B5 /* SceneDelegate.swift in Sources */,
				5EBA27C42A037682009AB303 /* AccountRegisterInteractor.swift in Sources */,
				5EBA27C32A037682009AB303 /* AccountRegisterBuilder.swift in Sources */,
				5EE82F5D2A0086D00075D2ED /* MainRouter.swift in Sources */,
				5EDE33B42A323D1F007A906F /* AccountSelectedInteractor.swift in Sources */,
				5ECF25DE2A308D70001FEEE3 /* GroupIdentifier.swift in Sources */,
				5EDE33B12A323D1F007A906F /* AccountSelectedRouter.swift in Sources */,
				5E20BCD12A2730DC00E6A73D /* SettingCell.swift in Sources */,
				5EAA44702A1F43C500E0214D /* AccountDetailRouter.swift in Sources */,
				5EE82F692A0096050075D2ED /* HomeInteractor.swift in Sources */,
				5EE82F682A0096050075D2ED /* HomeBuilder.swift in Sources */,
				5E26A5592A07B2770012DEE4 /* BankCell.swift in Sources */,
				5E26A54B2A066F9D0012DEE4 /* UIScrollView+.swift in Sources */,
				5E97711B2A093FA300A6B28F /* BankSelectFooterView.swift in Sources */,
				5E6BCE6C29EBC7A1008CEFE5 /* RootBuilder.swift in Sources */,
				5EDE33B22A323D1F007A906F /* AccountSelectedViewController.swift in Sources */,
				5E20BCCB2A272B7000E6A73D /* SettingRouter.swift in Sources */,
				5ED5E2102A02902E005FEA13 /* UIColor+.swift in Sources */,
			);
			runOnlyForDeploymentPostprocessing = 0;
		};
/* End PBXSourcesBuildPhase section */

/* Begin PBXTargetDependency section */
		5ECF259C2A304C4D001FEEE3 /* PBXTargetDependency */ = {
			isa = PBXTargetDependency;
			target = 5ECF25892A304C4C001FEEE3 /* AccountBookWidgetExtension */;
			targetProxy = 5ECF259B2A304C4D001FEEE3 /* PBXContainerItemProxy */;
		};
		5ECF25C12A3064FF001FEEE3 /* PBXTargetDependency */ = {
			isa = PBXTargetDependency;
			target = 5ECF25A72A3064FE001FEEE3 /* IntentsExtension */;
			targetProxy = 5ECF25C02A3064FF001FEEE3 /* PBXContainerItemProxy */;
		};
/* End PBXTargetDependency section */

/* Begin PBXVariantGroup section */
		5EFB553F29EA81DB006546B5 /* LaunchScreen.storyboard */ = {
			isa = PBXVariantGroup;
			children = (
				5EFB554029EA81DB006546B5 /* Base */,
			);
			name = LaunchScreen.storyboard;
			sourceTree = "<group>";
		};
/* End PBXVariantGroup section */

/* Begin XCBuildConfiguration section */
		5ECF259F2A304C4D001FEEE3 /* Debug */ = {
			isa = XCBuildConfiguration;
			buildSettings = {
				ASSETCATALOG_COMPILER_GLOBAL_ACCENT_COLOR_NAME = AccentColor;
				ASSETCATALOG_COMPILER_WIDGET_BACKGROUND_COLOR_NAME = WidgetBackground;
				CODE_SIGN_ENTITLEMENTS = AccountBookWidgetExtension.entitlements;
				CODE_SIGN_STYLE = Automatic;
				CURRENT_PROJECT_VERSION = 1;
				DEVELOPMENT_TEAM = VBT5J7U68Y;
				GENERATE_INFOPLIST_FILE = YES;
				INFOPLIST_FILE = AccountBookWidget/Info.plist;
				INFOPLIST_KEY_CFBundleDisplayName = AccountBookWidget;
				INFOPLIST_KEY_NSHumanReadableCopyright = "";
				IPHONEOS_DEPLOYMENT_TARGET = 15.0;
				LD_RUNPATH_SEARCH_PATHS = (
					"$(inherited)",
					"@executable_path/Frameworks",
					"@executable_path/../../Frameworks",
				);
				MARKETING_VERSION = 1.0;
				PRODUCT_BUNDLE_IDENTIFIER = com.jungwon.AccountBook.AccountBookWidget;
				PRODUCT_NAME = "$(TARGET_NAME)";
				SKIP_INSTALL = YES;
				SWIFT_EMIT_LOC_STRINGS = YES;
				SWIFT_VERSION = 5.0;
				TARGETED_DEVICE_FAMILY = 1;
			};
			name = Debug;
		};
		5ECF25A02A304C4D001FEEE3 /* Release */ = {
			isa = XCBuildConfiguration;
			buildSettings = {
				ASSETCATALOG_COMPILER_GLOBAL_ACCENT_COLOR_NAME = AccentColor;
				ASSETCATALOG_COMPILER_WIDGET_BACKGROUND_COLOR_NAME = WidgetBackground;
				CODE_SIGN_ENTITLEMENTS = AccountBookWidgetExtension.entitlements;
				CODE_SIGN_STYLE = Automatic;
				CURRENT_PROJECT_VERSION = 1;
				DEVELOPMENT_TEAM = VBT5J7U68Y;
				GENERATE_INFOPLIST_FILE = YES;
				INFOPLIST_FILE = AccountBookWidget/Info.plist;
				INFOPLIST_KEY_CFBundleDisplayName = AccountBookWidget;
				INFOPLIST_KEY_NSHumanReadableCopyright = "";
				IPHONEOS_DEPLOYMENT_TARGET = 15.0;
				LD_RUNPATH_SEARCH_PATHS = (
					"$(inherited)",
					"@executable_path/Frameworks",
					"@executable_path/../../Frameworks",
				);
				MARKETING_VERSION = 1.0;
				PRODUCT_BUNDLE_IDENTIFIER = com.jungwon.AccountBook.AccountBookWidget;
				PRODUCT_NAME = "$(TARGET_NAME)";
				SKIP_INSTALL = YES;
				SWIFT_EMIT_LOC_STRINGS = YES;
				SWIFT_VERSION = 5.0;
				TARGETED_DEVICE_FAMILY = 1;
			};
			name = Release;
		};
		5ECF25C72A3064FF001FEEE3 /* Debug */ = {
			isa = XCBuildConfiguration;
			buildSettings = {
				CODE_SIGN_ENTITLEMENTS = IntentsExtension/IntentsExtension.entitlements;
				CODE_SIGN_STYLE = Automatic;
				CURRENT_PROJECT_VERSION = 1;
				DEVELOPMENT_TEAM = VBT5J7U68Y;
				GENERATE_INFOPLIST_FILE = YES;
				INFOPLIST_FILE = IntentsExtension/Info.plist;
				INFOPLIST_KEY_CFBundleDisplayName = IntentsExtension;
				INFOPLIST_KEY_NSHumanReadableCopyright = "";
				IPHONEOS_DEPLOYMENT_TARGET = 15.0;
				LD_RUNPATH_SEARCH_PATHS = (
					"$(inherited)",
					"@executable_path/Frameworks",
					"@executable_path/../../Frameworks",
				);
				MARKETING_VERSION = 1.0;
				PRODUCT_BUNDLE_IDENTIFIER = com.jungwon.AccountBook.IntentsExtension;
				PRODUCT_NAME = "$(TARGET_NAME)";
				SKIP_INSTALL = YES;
				SWIFT_EMIT_LOC_STRINGS = YES;
				SWIFT_VERSION = 5.0;
				TARGETED_DEVICE_FAMILY = 1;
			};
			name = Debug;
		};
		5ECF25C82A3064FF001FEEE3 /* Release */ = {
			isa = XCBuildConfiguration;
			buildSettings = {
				CODE_SIGN_ENTITLEMENTS = IntentsExtension/IntentsExtension.entitlements;
				CODE_SIGN_STYLE = Automatic;
				CURRENT_PROJECT_VERSION = 1;
				DEVELOPMENT_TEAM = VBT5J7U68Y;
				GENERATE_INFOPLIST_FILE = YES;
				INFOPLIST_FILE = IntentsExtension/Info.plist;
				INFOPLIST_KEY_CFBundleDisplayName = IntentsExtension;
				INFOPLIST_KEY_NSHumanReadableCopyright = "";
				IPHONEOS_DEPLOYMENT_TARGET = 15.0;
				LD_RUNPATH_SEARCH_PATHS = (
					"$(inherited)",
					"@executable_path/Frameworks",
					"@executable_path/../../Frameworks",
				);
				MARKETING_VERSION = 1.0;
				PRODUCT_BUNDLE_IDENTIFIER = com.jungwon.AccountBook.IntentsExtension;
				PRODUCT_NAME = "$(TARGET_NAME)";
				SKIP_INSTALL = YES;
				SWIFT_EMIT_LOC_STRINGS = YES;
				SWIFT_VERSION = 5.0;
				TARGETED_DEVICE_FAMILY = 1;
			};
			name = Release;
		};
		5EFB554329EA81DB006546B5 /* Debug */ = {
			isa = XCBuildConfiguration;
			buildSettings = {
				ALWAYS_SEARCH_USER_PATHS = NO;
				CLANG_ANALYZER_NONNULL = YES;
				CLANG_ANALYZER_NUMBER_OBJECT_CONVERSION = YES_AGGRESSIVE;
				CLANG_CXX_LANGUAGE_STANDARD = "gnu++20";
				CLANG_ENABLE_MODULES = YES;
				CLANG_ENABLE_OBJC_ARC = YES;
				CLANG_ENABLE_OBJC_WEAK = YES;
				CLANG_WARN_BLOCK_CAPTURE_AUTORELEASING = YES;
				CLANG_WARN_BOOL_CONVERSION = YES;
				CLANG_WARN_COMMA = YES;
				CLANG_WARN_CONSTANT_CONVERSION = YES;
				CLANG_WARN_DEPRECATED_OBJC_IMPLEMENTATIONS = YES;
				CLANG_WARN_DIRECT_OBJC_ISA_USAGE = YES_ERROR;
				CLANG_WARN_DOCUMENTATION_COMMENTS = YES;
				CLANG_WARN_EMPTY_BODY = YES;
				CLANG_WARN_ENUM_CONVERSION = YES;
				CLANG_WARN_INFINITE_RECURSION = YES;
				CLANG_WARN_INT_CONVERSION = YES;
				CLANG_WARN_NON_LITERAL_NULL_CONVERSION = YES;
				CLANG_WARN_OBJC_IMPLICIT_RETAIN_SELF = YES;
				CLANG_WARN_OBJC_LITERAL_CONVERSION = YES;
				CLANG_WARN_OBJC_ROOT_CLASS = YES_ERROR;
				CLANG_WARN_QUOTED_INCLUDE_IN_FRAMEWORK_HEADER = YES;
				CLANG_WARN_RANGE_LOOP_ANALYSIS = YES;
				CLANG_WARN_STRICT_PROTOTYPES = YES;
				CLANG_WARN_SUSPICIOUS_MOVE = YES;
				CLANG_WARN_UNGUARDED_AVAILABILITY = YES_AGGRESSIVE;
				CLANG_WARN_UNREACHABLE_CODE = YES;
				CLANG_WARN__DUPLICATE_METHOD_MATCH = YES;
				COPY_PHASE_STRIP = NO;
				DEBUG_INFORMATION_FORMAT = dwarf;
				ENABLE_STRICT_OBJC_MSGSEND = YES;
				ENABLE_TESTABILITY = YES;
				GCC_C_LANGUAGE_STANDARD = gnu11;
				GCC_DYNAMIC_NO_PIC = NO;
				GCC_NO_COMMON_BLOCKS = YES;
				GCC_OPTIMIZATION_LEVEL = 0;
				GCC_PREPROCESSOR_DEFINITIONS = (
					"DEBUG=1",
					"$(inherited)",
				);
				GCC_WARN_64_TO_32_BIT_CONVERSION = YES;
				GCC_WARN_ABOUT_RETURN_TYPE = YES_ERROR;
				GCC_WARN_UNDECLARED_SELECTOR = YES;
				GCC_WARN_UNINITIALIZED_AUTOS = YES_AGGRESSIVE;
				GCC_WARN_UNUSED_FUNCTION = YES;
				GCC_WARN_UNUSED_VARIABLE = YES;
				IPHONEOS_DEPLOYMENT_TARGET = 15.0;
				MTL_ENABLE_DEBUG_INFO = INCLUDE_SOURCE;
				MTL_FAST_MATH = YES;
				ONLY_ACTIVE_ARCH = YES;
				SDKROOT = iphoneos;
				SWIFT_ACTIVE_COMPILATION_CONDITIONS = DEBUG;
				SWIFT_OPTIMIZATION_LEVEL = "-Onone";
			};
			name = Debug;
		};
		5EFB554429EA81DB006546B5 /* Release */ = {
			isa = XCBuildConfiguration;
			buildSettings = {
				ALWAYS_SEARCH_USER_PATHS = NO;
				CLANG_ANALYZER_NONNULL = YES;
				CLANG_ANALYZER_NUMBER_OBJECT_CONVERSION = YES_AGGRESSIVE;
				CLANG_CXX_LANGUAGE_STANDARD = "gnu++20";
				CLANG_ENABLE_MODULES = YES;
				CLANG_ENABLE_OBJC_ARC = YES;
				CLANG_ENABLE_OBJC_WEAK = YES;
				CLANG_WARN_BLOCK_CAPTURE_AUTORELEASING = YES;
				CLANG_WARN_BOOL_CONVERSION = YES;
				CLANG_WARN_COMMA = YES;
				CLANG_WARN_CONSTANT_CONVERSION = YES;
				CLANG_WARN_DEPRECATED_OBJC_IMPLEMENTATIONS = YES;
				CLANG_WARN_DIRECT_OBJC_ISA_USAGE = YES_ERROR;
				CLANG_WARN_DOCUMENTATION_COMMENTS = YES;
				CLANG_WARN_EMPTY_BODY = YES;
				CLANG_WARN_ENUM_CONVERSION = YES;
				CLANG_WARN_INFINITE_RECURSION = YES;
				CLANG_WARN_INT_CONVERSION = YES;
				CLANG_WARN_NON_LITERAL_NULL_CONVERSION = YES;
				CLANG_WARN_OBJC_IMPLICIT_RETAIN_SELF = YES;
				CLANG_WARN_OBJC_LITERAL_CONVERSION = YES;
				CLANG_WARN_OBJC_ROOT_CLASS = YES_ERROR;
				CLANG_WARN_QUOTED_INCLUDE_IN_FRAMEWORK_HEADER = YES;
				CLANG_WARN_RANGE_LOOP_ANALYSIS = YES;
				CLANG_WARN_STRICT_PROTOTYPES = YES;
				CLANG_WARN_SUSPICIOUS_MOVE = YES;
				CLANG_WARN_UNGUARDED_AVAILABILITY = YES_AGGRESSIVE;
				CLANG_WARN_UNREACHABLE_CODE = YES;
				CLANG_WARN__DUPLICATE_METHOD_MATCH = YES;
				COPY_PHASE_STRIP = NO;
				DEBUG_INFORMATION_FORMAT = "dwarf-with-dsym";
				ENABLE_NS_ASSERTIONS = NO;
				ENABLE_STRICT_OBJC_MSGSEND = YES;
				GCC_C_LANGUAGE_STANDARD = gnu11;
				GCC_NO_COMMON_BLOCKS = YES;
				GCC_WARN_64_TO_32_BIT_CONVERSION = YES;
				GCC_WARN_ABOUT_RETURN_TYPE = YES_ERROR;
				GCC_WARN_UNDECLARED_SELECTOR = YES;
				GCC_WARN_UNINITIALIZED_AUTOS = YES_AGGRESSIVE;
				GCC_WARN_UNUSED_FUNCTION = YES;
				GCC_WARN_UNUSED_VARIABLE = YES;
				IPHONEOS_DEPLOYMENT_TARGET = 15.0;
				MTL_ENABLE_DEBUG_INFO = NO;
				MTL_FAST_MATH = YES;
				SDKROOT = iphoneos;
				SWIFT_COMPILATION_MODE = wholemodule;
				SWIFT_OPTIMIZATION_LEVEL = "-O";
				VALIDATE_PRODUCT = YES;
			};
			name = Release;
		};
		5EFB554629EA81DB006546B5 /* Debug */ = {
			isa = XCBuildConfiguration;
			buildSettings = {
				ALWAYS_EMBED_SWIFT_STANDARD_LIBRARIES = YES;
				ASSETCATALOG_COMPILER_APPICON_NAME = AppIcon;
				ASSETCATALOG_COMPILER_GLOBAL_ACCENT_COLOR_NAME = AccentColor;
				CODE_SIGN_ENTITLEMENTS = AccountBook/AccountBook.entitlements;
				CODE_SIGN_STYLE = Automatic;
				CURRENT_PROJECT_VERSION = 1;
				DEVELOPMENT_TEAM = VBT5J7U68Y;
				GENERATE_INFOPLIST_FILE = YES;
				INFOPLIST_FILE = AccountBook/Info.plist;
				INFOPLIST_KEY_NSFaceIDUsageDescription = "계좌번호 숨김 기능을 위해 생체인증을 허용해주세요.";
				INFOPLIST_KEY_UIApplicationSupportsIndirectInputEvents = YES;
				INFOPLIST_KEY_UILaunchStoryboardName = LaunchScreen;
				INFOPLIST_KEY_UIMainStoryboardFile = "";
				INFOPLIST_KEY_UISupportedInterfaceOrientations = UIInterfaceOrientationPortrait;
				INFOPLIST_KEY_UISupportedInterfaceOrientations_iPad = "UIInterfaceOrientationLandscapeLeft UIInterfaceOrientationLandscapeRight UIInterfaceOrientationPortrait UIInterfaceOrientationPortraitUpsideDown";
				IPHONEOS_DEPLOYMENT_TARGET = 15.0;
				LD_RUNPATH_SEARCH_PATHS = (
					"$(inherited)",
					"@executable_path/Frameworks",
				);
				MARKETING_VERSION = 1.0;
				PRODUCT_BUNDLE_IDENTIFIER = com.jungwon.AccountBook;
				PRODUCT_NAME = "$(TARGET_NAME)";
				SUPPORTED_PLATFORMS = "iphoneos iphonesimulator";
				SUPPORTS_MACCATALYST = NO;
				SUPPORTS_MAC_DESIGNED_FOR_IPHONE_IPAD = NO;
				SWIFT_EMIT_LOC_STRINGS = YES;
				SWIFT_VERSION = 5.0;
				TARGETED_DEVICE_FAMILY = 1;
			};
			name = Debug;
		};
		5EFB554729EA81DB006546B5 /* Release */ = {
			isa = XCBuildConfiguration;
			buildSettings = {
				ALWAYS_EMBED_SWIFT_STANDARD_LIBRARIES = YES;
				ASSETCATALOG_COMPILER_APPICON_NAME = AppIcon;
				ASSETCATALOG_COMPILER_GLOBAL_ACCENT_COLOR_NAME = AccentColor;
				CODE_SIGN_ENTITLEMENTS = AccountBook/AccountBook.entitlements;
				CODE_SIGN_STYLE = Automatic;
				CURRENT_PROJECT_VERSION = 1;
				DEVELOPMENT_TEAM = VBT5J7U68Y;
				GENERATE_INFOPLIST_FILE = YES;
				INFOPLIST_FILE = AccountBook/Info.plist;
				INFOPLIST_KEY_NSFaceIDUsageDescription = "계좌번호 숨김 기능을 위해 생체인증을 허용해주세요.";
				INFOPLIST_KEY_UIApplicationSupportsIndirectInputEvents = YES;
				INFOPLIST_KEY_UILaunchStoryboardName = LaunchScreen;
				INFOPLIST_KEY_UIMainStoryboardFile = "";
				INFOPLIST_KEY_UISupportedInterfaceOrientations = UIInterfaceOrientationPortrait;
				INFOPLIST_KEY_UISupportedInterfaceOrientations_iPad = "UIInterfaceOrientationLandscapeLeft UIInterfaceOrientationLandscapeRight UIInterfaceOrientationPortrait UIInterfaceOrientationPortraitUpsideDown";
				IPHONEOS_DEPLOYMENT_TARGET = 15.0;
				LD_RUNPATH_SEARCH_PATHS = (
					"$(inherited)",
					"@executable_path/Frameworks",
				);
				MARKETING_VERSION = 1.0;
				PRODUCT_BUNDLE_IDENTIFIER = com.jungwon.AccountBook;
				PRODUCT_NAME = "$(TARGET_NAME)";
				SUPPORTED_PLATFORMS = "iphoneos iphonesimulator";
				SUPPORTS_MACCATALYST = NO;
				SUPPORTS_MAC_DESIGNED_FOR_IPHONE_IPAD = NO;
				SWIFT_EMIT_LOC_STRINGS = YES;
				SWIFT_VERSION = 5.0;
				TARGETED_DEVICE_FAMILY = 1;
			};
			name = Release;
		};
/* End XCBuildConfiguration section */

/* Begin XCConfigurationList section */
		5ECF25A12A304C4D001FEEE3 /* Build configuration list for PBXNativeTarget "AccountBookWidgetExtension" */ = {
			isa = XCConfigurationList;
			buildConfigurations = (
				5ECF259F2A304C4D001FEEE3 /* Debug */,
				5ECF25A02A304C4D001FEEE3 /* Release */,
			);
			defaultConfigurationIsVisible = 0;
			defaultConfigurationName = Release;
		};
		5ECF25C62A3064FF001FEEE3 /* Build configuration list for PBXNativeTarget "IntentsExtension" */ = {
			isa = XCConfigurationList;
			buildConfigurations = (
				5ECF25C72A3064FF001FEEE3 /* Debug */,
				5ECF25C82A3064FF001FEEE3 /* Release */,
			);
			defaultConfigurationIsVisible = 0;
			defaultConfigurationName = Release;
		};
		5EFB552C29EA81DA006546B5 /* Build configuration list for PBXProject "AccountBook" */ = {
			isa = XCConfigurationList;
			buildConfigurations = (
				5EFB554329EA81DB006546B5 /* Debug */,
				5EFB554429EA81DB006546B5 /* Release */,
			);
			defaultConfigurationIsVisible = 0;
			defaultConfigurationName = Release;
		};
		5EFB554529EA81DB006546B5 /* Build configuration list for PBXNativeTarget "AccountBook" */ = {
			isa = XCConfigurationList;
			buildConfigurations = (
				5EFB554629EA81DB006546B5 /* Debug */,
				5EFB554729EA81DB006546B5 /* Release */,
			);
			defaultConfigurationIsVisible = 0;
			defaultConfigurationName = Release;
		};
/* End XCConfigurationList section */

/* Begin XCRemoteSwiftPackageReference section */
		5E5BED9D2A1B07B4002EC397 /* XCRemoteSwiftPackageReference "realm-swift" */ = {
			isa = XCRemoteSwiftPackageReference;
			repositoryURL = "https://github.com/realm/realm-swift.git";
			requirement = {
				branch = master;
				kind = branch;
			};
		};
		5E8A4E1A2A18B2DD00EEA716 /* XCRemoteSwiftPackageReference "CombineExt" */ = {
			isa = XCRemoteSwiftPackageReference;
			repositoryURL = "https://github.com/CombineCommunity/CombineExt.git";
			requirement = {
				kind = upToNextMajorVersion;
				minimumVersion = 1.0.0;
			};
		};
		5EFB554B29EA8884006546B5 /* XCRemoteSwiftPackageReference "Then" */ = {
			isa = XCRemoteSwiftPackageReference;
			repositoryURL = "https://github.com/devxoul/Then.git";
			requirement = {
				kind = upToNextMajorVersion;
				minimumVersion = 3.0.0;
			};
		};
		5EFB554E29EA8891006546B5 /* XCRemoteSwiftPackageReference "ModernRIBs" */ = {
			isa = XCRemoteSwiftPackageReference;
			repositoryURL = "https://github.com/DevYeom/ModernRIBs.git";
			requirement = {
				kind = upToNextMajorVersion;
				minimumVersion = 1.0.0;
			};
		};
		5EFB555129EA88DF006546B5 /* XCRemoteSwiftPackageReference "SnapKit" */ = {
			isa = XCRemoteSwiftPackageReference;
			repositoryURL = "https://github.com/SnapKit/SnapKit.git";
			requirement = {
				kind = upToNextMajorVersion;
				minimumVersion = 5.0.0;
			};
		};
/* End XCRemoteSwiftPackageReference section */

/* Begin XCSwiftPackageProductDependency section */
		5E5BED9E2A1B07B4002EC397 /* Realm */ = {
			isa = XCSwiftPackageProductDependency;
			package = 5E5BED9D2A1B07B4002EC397 /* XCRemoteSwiftPackageReference "realm-swift" */;
			productName = Realm;
		};
		5E5BEDA02A1B07B4002EC397 /* RealmSwift */ = {
			isa = XCSwiftPackageProductDependency;
			package = 5E5BED9D2A1B07B4002EC397 /* XCRemoteSwiftPackageReference "realm-swift" */;
			productName = RealmSwift;
		};
		5E7380172A318434003ED9CA /* Realm */ = {
			isa = XCSwiftPackageProductDependency;
			package = 5E5BED9D2A1B07B4002EC397 /* XCRemoteSwiftPackageReference "realm-swift" */;
			productName = Realm;
		};
		5E7380192A318434003ED9CA /* RealmSwift */ = {
			isa = XCSwiftPackageProductDependency;
			package = 5E5BED9D2A1B07B4002EC397 /* XCRemoteSwiftPackageReference "realm-swift" */;
			productName = RealmSwift;
		};
		5E8A4E1B2A18B2DD00EEA716 /* CombineExt */ = {
			isa = XCSwiftPackageProductDependency;
			package = 5E8A4E1A2A18B2DD00EEA716 /* XCRemoteSwiftPackageReference "CombineExt" */;
			productName = CombineExt;
		};
		5ECF25D22A307989001FEEE3 /* Realm */ = {
			isa = XCSwiftPackageProductDependency;
			package = 5E5BED9D2A1B07B4002EC397 /* XCRemoteSwiftPackageReference "realm-swift" */;
			productName = Realm;
		};
		5ECF25D42A307989001FEEE3 /* RealmSwift */ = {
			isa = XCSwiftPackageProductDependency;
			package = 5E5BED9D2A1B07B4002EC397 /* XCRemoteSwiftPackageReference "realm-swift" */;
			productName = RealmSwift;
		};
		5EFB554C29EA8884006546B5 /* Then */ = {
			isa = XCSwiftPackageProductDependency;
			package = 5EFB554B29EA8884006546B5 /* XCRemoteSwiftPackageReference "Then" */;
			productName = Then;
		};
		5EFB554F29EA8891006546B5 /* ModernRIBs */ = {
			isa = XCSwiftPackageProductDependency;
			package = 5EFB554E29EA8891006546B5 /* XCRemoteSwiftPackageReference "ModernRIBs" */;
			productName = ModernRIBs;
		};
		5EFB555229EA88DF006546B5 /* SnapKit */ = {
			isa = XCSwiftPackageProductDependency;
			package = 5EFB555129EA88DF006546B5 /* XCRemoteSwiftPackageReference "SnapKit" */;
			productName = SnapKit;
		};
/* End XCSwiftPackageProductDependency section */
	};
	rootObject = 5EFB552929EA81DA006546B5 /* Project object */;
}
